
Microsoft Visual Studio Solution File, Format Version 12.00
# Visual Studio 14
VisualStudioVersion = 14.0.24720.0
MinimumVisualStudioVersion = 10.0.40219.1
Project("{FAE04EC0-301F-11D3-BF4B-00C04F79EFBC}") = "FastBar_Event_Browser.Droid", "FastBar_Event_Browser\FastBar_Event_Browser.Droid\FastBar_Event_Browser.Droid.csproj", "{EB6175B6-F843-45F1-B3EF-3AAEC5B7BBD9}"
EndProject
Project("{FAE04EC0-301F-11D3-BF4B-00C04F79EFBC}") = "FastBar_Event_Browser.iOS", "FastBar_Event_Browser\FastBar_Event_Browser.iOS\FastBar_Event_Browser.iOS.csproj", "{C7DF3632-57A2-4FD8-9DB1-7AA3FF4C073D}"
EndProject
Project("{FAE04EC0-301F-11D3-BF4B-00C04F79EFBC}") = "FastBar_Event_Browser.WinPhone", "FastBar_Event_Browser\FastBar_Event_Browser.WinPhone\FastBar_Event_Browser.WinPhone.csproj", "{A2321A35-57BC-4A0E-92A4-BA2C5F3C4E47}"
EndProject
Project("{FAE04EC0-301F-11D3-BF4B-00C04F79EFBC}") = "FastBar_Event_Browser.UWP", "FastBar_Event_Browser\FastBar_Event_Browser.UWP\FastBar_Event_Browser.UWP.csproj", "{BF2CE678-A349-4B25-A95C-977853B48EE6}"
EndProject
Project("{FAE04EC0-301F-11D3-BF4B-00C04F79EFBC}") = "FastBar_Event_Browser.Windows", "FastBar_Event_Browser\FastBar_Event_Browser.Windows\FastBar_Event_Browser.Windows.csproj", "{F93AEAE6-9B93-44B9-AF37-727FAB712743}"
EndProject
Project("{D954291E-2A0B-460D-934E-DC6B0785DB48}") = "FastBar_Event_Browser", "FastBar_Event_Browser\FastBar_Event_Browser\FastBar_Event_Browser.shproj", "{80175FDA-7A4B-4750-8E97-B265DDA793C0}"
EndProject
Global
	GlobalSection(SharedMSBuildProjectFiles) = preSolution
		FastBar_Event_Browser\FastBar_Event_Browser\FastBar_Event_Browser.projitems*{bf2ce678-a349-4b25-a95c-977853b48ee6}*SharedItemsImports = 4
		FastBar_Event_Browser\FastBar_Event_Browser\FastBar_Event_Browser.projitems*{c7df3632-57a2-4fd8-9db1-7aa3ff4c073d}*SharedItemsImports = 4
		FastBar_Event_Browser\FastBar_Event_Browser\FastBar_Event_Browser.projitems*{f93aeae6-9b93-44b9-af37-727fab712743}*SharedItemsImports = 4
		FastBar_Event_Browser\FastBar_Event_Browser\FastBar_Event_Browser.projitems*{eb6175b6-f843-45f1-b3ef-3aaec5b7bbd9}*SharedItemsImports = 4
		FastBar_Event_Browser\FastBar_Event_Browser\FastBar_Event_Browser.projitems*{80175fda-7a4b-4750-8e97-b265dda793c0}*SharedItemsImports = 13
		FastBar_Event_Browser\FastBar_Event_Browser\FastBar_Event_Browser.projitems*{a2321a35-57bc-4a0e-92a4-ba2c5f3c4e47}*SharedItemsImports = 4
	EndGlobalSection
	GlobalSection(SolutionConfigurationPlatforms) = preSolution
		Ad-Hoc|Any CPU = Ad-Hoc|Any CPU
		Ad-Hoc|ARM = Ad-Hoc|ARM
		Ad-Hoc|iPhone = Ad-Hoc|iPhone
		Ad-Hoc|iPhoneSimulator = Ad-Hoc|iPhoneSimulator
		Ad-Hoc|x64 = Ad-Hoc|x64
		Ad-Hoc|x86 = Ad-Hoc|x86
		AppStore|Any CPU = AppStore|Any CPU
		AppStore|ARM = AppStore|ARM
		AppStore|iPhone = AppStore|iPhone
		AppStore|iPhoneSimulator = AppStore|iPhoneSimulator
		AppStore|x64 = AppStore|x64
		AppStore|x86 = AppStore|x86
		Debug|Any CPU = Debug|Any CPU
		Debug|ARM = Debug|ARM
		Debug|iPhone = Debug|iPhone
		Debug|iPhoneSimulator = Debug|iPhoneSimulator
		Debug|x64 = Debug|x64
		Debug|x86 = Debug|x86
		Release|Any CPU = Release|Any CPU
		Release|ARM = Release|ARM
		Release|iPhone = Release|iPhone
		Release|iPhoneSimulator = Release|iPhoneSimulator
		Release|x64 = Release|x64
		Release|x86 = Release|x86
	EndGlobalSection
	GlobalSection(ProjectConfigurationPlatforms) = postSolution
		{EB6175B6-F843-45F1-B3EF-3AAEC5B7BBD9}.Ad-Hoc|Any CPU.ActiveCfg = Release|Any CPU
		{EB6175B6-F843-45F1-B3EF-3AAEC5B7BBD9}.Ad-Hoc|Any CPU.Build.0 = Release|Any CPU
		{EB6175B6-F843-45F1-B3EF-3AAEC5B7BBD9}.Ad-Hoc|Any CPU.Deploy.0 = Release|Any CPU
		{EB6175B6-F843-45F1-B3EF-3AAEC5B7BBD9}.Ad-Hoc|ARM.ActiveCfg = Release|Any CPU
		{EB6175B6-F843-45F1-B3EF-3AAEC5B7BBD9}.Ad-Hoc|ARM.Build.0 = Release|Any CPU
		{EB6175B6-F843-45F1-B3EF-3AAEC5B7BBD9}.Ad-Hoc|ARM.Deploy.0 = Release|Any CPU
		{EB6175B6-F843-45F1-B3EF-3AAEC5B7BBD9}.Ad-Hoc|iPhone.ActiveCfg = Release|Any CPU
		{EB6175B6-F843-45F1-B3EF-3AAEC5B7BBD9}.Ad-Hoc|iPhone.Build.0 = Release|Any CPU
		{EB6175B6-F843-45F1-B3EF-3AAEC5B7BBD9}.Ad-Hoc|iPhone.Deploy.0 = Release|Any CPU
		{EB6175B6-F843-45F1-B3EF-3AAEC5B7BBD9}.Ad-Hoc|iPhoneSimulator.ActiveCfg = Release|Any CPU
		{EB6175B6-F843-45F1-B3EF-3AAEC5B7BBD9}.Ad-Hoc|iPhoneSimulator.Build.0 = Release|Any CPU
		{EB6175B6-F843-45F1-B3EF-3AAEC5B7BBD9}.Ad-Hoc|iPhoneSimulator.Deploy.0 = Release|Any CPU
		{EB6175B6-F843-45F1-B3EF-3AAEC5B7BBD9}.Ad-Hoc|x64.ActiveCfg = Release|Any CPU
		{EB6175B6-F843-45F1-B3EF-3AAEC5B7BBD9}.Ad-Hoc|x64.Build.0 = Release|Any CPU
		{EB6175B6-F843-45F1-B3EF-3AAEC5B7BBD9}.Ad-Hoc|x64.Deploy.0 = Release|Any CPU
		{EB6175B6-F843-45F1-B3EF-3AAEC5B7BBD9}.Ad-Hoc|x86.ActiveCfg = Release|Any CPU
		{EB6175B6-F843-45F1-B3EF-3AAEC5B7BBD9}.Ad-Hoc|x86.Build.0 = Release|Any CPU
		{EB6175B6-F843-45F1-B3EF-3AAEC5B7BBD9}.Ad-Hoc|x86.Deploy.0 = Release|Any CPU
		{EB6175B6-F843-45F1-B3EF-3AAEC5B7BBD9}.AppStore|Any CPU.ActiveCfg = Release|Any CPU
		{EB6175B6-F843-45F1-B3EF-3AAEC5B7BBD9}.AppStore|Any CPU.Build.0 = Release|Any CPU
		{EB6175B6-F843-45F1-B3EF-3AAEC5B7BBD9}.AppStore|Any CPU.Deploy.0 = Release|Any CPU
		{EB6175B6-F843-45F1-B3EF-3AAEC5B7BBD9}.AppStore|ARM.ActiveCfg = Release|Any CPU
		{EB6175B6-F843-45F1-B3EF-3AAEC5B7BBD9}.AppStore|ARM.Build.0 = Release|Any CPU
		{EB6175B6-F843-45F1-B3EF-3AAEC5B7BBD9}.AppStore|ARM.Deploy.0 = Release|Any CPU
		{EB6175B6-F843-45F1-B3EF-3AAEC5B7BBD9}.AppStore|iPhone.ActiveCfg = Release|Any CPU
		{EB6175B6-F843-45F1-B3EF-3AAEC5B7BBD9}.AppStore|iPhone.Build.0 = Release|Any CPU
		{EB6175B6-F843-45F1-B3EF-3AAEC5B7BBD9}.AppStore|iPhone.Deploy.0 = Release|Any CPU
		{EB6175B6-F843-45F1-B3EF-3AAEC5B7BBD9}.AppStore|iPhoneSimulator.ActiveCfg = Release|Any CPU
		{EB6175B6-F843-45F1-B3EF-3AAEC5B7BBD9}.AppStore|iPhoneSimulator.Build.0 = Release|Any CPU
		{EB6175B6-F843-45F1-B3EF-3AAEC5B7BBD9}.AppStore|iPhoneSimulator.Deploy.0 = Release|Any CPU
		{EB6175B6-F843-45F1-B3EF-3AAEC5B7BBD9}.AppStore|x64.ActiveCfg = Release|Any CPU
		{EB6175B6-F843-45F1-B3EF-3AAEC5B7BBD9}.AppStore|x64.Build.0 = Release|Any CPU
		{EB6175B6-F843-45F1-B3EF-3AAEC5B7BBD9}.AppStore|x64.Deploy.0 = Release|Any CPU
		{EB6175B6-F843-45F1-B3EF-3AAEC5B7BBD9}.AppStore|x86.ActiveCfg = Release|Any CPU
		{EB6175B6-F843-45F1-B3EF-3AAEC5B7BBD9}.AppStore|x86.Build.0 = Release|Any CPU
		{EB6175B6-F843-45F1-B3EF-3AAEC5B7BBD9}.AppStore|x86.Deploy.0 = Release|Any CPU
		{EB6175B6-F843-45F1-B3EF-3AAEC5B7BBD9}.Debug|Any CPU.ActiveCfg = Debug|Any CPU
		{EB6175B6-F843-45F1-B3EF-3AAEC5B7BBD9}.Debug|Any CPU.Build.0 = Debug|Any CPU
		{EB6175B6-F843-45F1-B3EF-3AAEC5B7BBD9}.Debug|Any CPU.Deploy.0 = Debug|Any CPU
		{EB6175B6-F843-45F1-B3EF-3AAEC5B7BBD9}.Debug|ARM.ActiveCfg = Debug|Any CPU
		{EB6175B6-F843-45F1-B3EF-3AAEC5B7BBD9}.Debug|ARM.Build.0 = Debug|Any CPU
		{EB6175B6-F843-45F1-B3EF-3AAEC5B7BBD9}.Debug|ARM.Deploy.0 = Debug|Any CPU
		{EB6175B6-F843-45F1-B3EF-3AAEC5B7BBD9}.Debug|iPhone.ActiveCfg = Debug|Any CPU
		{EB6175B6-F843-45F1-B3EF-3AAEC5B7BBD9}.Debug|iPhone.Build.0 = Debug|Any CPU
		{EB6175B6-F843-45F1-B3EF-3AAEC5B7BBD9}.Debug|iPhone.Deploy.0 = Debug|Any CPU
		{EB6175B6-F843-45F1-B3EF-3AAEC5B7BBD9}.Debug|iPhoneSimulator.ActiveCfg = Debug|Any CPU
		{EB6175B6-F843-45F1-B3EF-3AAEC5B7BBD9}.Debug|iPhoneSimulator.Build.0 = Debug|Any CPU
		{EB6175B6-F843-45F1-B3EF-3AAEC5B7BBD9}.Debug|iPhoneSimulator.Deploy.0 = Debug|Any CPU
		{EB6175B6-F843-45F1-B3EF-3AAEC5B7BBD9}.Debug|x64.ActiveCfg = Debug|Any CPU
		{EB6175B6-F843-45F1-B3EF-3AAEC5B7BBD9}.Debug|x64.Build.0 = Debug|Any CPU
		{EB6175B6-F843-45F1-B3EF-3AAEC5B7BBD9}.Debug|x64.Deploy.0 = Debug|Any CPU
		{EB6175B6-F843-45F1-B3EF-3AAEC5B7BBD9}.Debug|x86.ActiveCfg = Debug|Any CPU
		{EB6175B6-F843-45F1-B3EF-3AAEC5B7BBD9}.Debug|x86.Build.0 = Debug|Any CPU
		{EB6175B6-F843-45F1-B3EF-3AAEC5B7BBD9}.Debug|x86.Deploy.0 = Debug|Any CPU
		{EB6175B6-F843-45F1-B3EF-3AAEC5B7BBD9}.Release|Any CPU.ActiveCfg = Release|Any CPU
		{EB6175B6-F843-45F1-B3EF-3AAEC5B7BBD9}.Release|Any CPU.Build.0 = Release|Any CPU
		{EB6175B6-F843-45F1-B3EF-3AAEC5B7BBD9}.Release|Any CPU.Deploy.0 = Release|Any CPU
		{EB6175B6-F843-45F1-B3EF-3AAEC5B7BBD9}.Release|ARM.ActiveCfg = Release|Any CPU
		{EB6175B6-F843-45F1-B3EF-3AAEC5B7BBD9}.Release|ARM.Build.0 = Release|Any CPU
		{EB6175B6-F843-45F1-B3EF-3AAEC5B7BBD9}.Release|ARM.Deploy.0 = Release|Any CPU
		{EB6175B6-F843-45F1-B3EF-3AAEC5B7BBD9}.Release|iPhone.ActiveCfg = Release|Any CPU
		{EB6175B6-F843-45F1-B3EF-3AAEC5B7BBD9}.Release|iPhone.Build.0 = Release|Any CPU
		{EB6175B6-F843-45F1-B3EF-3AAEC5B7BBD9}.Release|iPhone.Deploy.0 = Release|Any CPU
		{EB6175B6-F843-45F1-B3EF-3AAEC5B7BBD9}.Release|iPhoneSimulator.ActiveCfg = Release|Any CPU
		{EB6175B6-F843-45F1-B3EF-3AAEC5B7BBD9}.Release|iPhoneSimulator.Build.0 = Release|Any CPU
		{EB6175B6-F843-45F1-B3EF-3AAEC5B7BBD9}.Release|iPhoneSimulator.Deploy.0 = Release|Any CPU
		{EB6175B6-F843-45F1-B3EF-3AAEC5B7BBD9}.Release|x64.ActiveCfg = Release|Any CPU
		{EB6175B6-F843-45F1-B3EF-3AAEC5B7BBD9}.Release|x64.Build.0 = Release|Any CPU
		{EB6175B6-F843-45F1-B3EF-3AAEC5B7BBD9}.Release|x64.Deploy.0 = Release|Any CPU
		{EB6175B6-F843-45F1-B3EF-3AAEC5B7BBD9}.Release|x86.ActiveCfg = Release|Any CPU
		{EB6175B6-F843-45F1-B3EF-3AAEC5B7BBD9}.Release|x86.Build.0 = Release|Any CPU
		{EB6175B6-F843-45F1-B3EF-3AAEC5B7BBD9}.Release|x86.Deploy.0 = Release|Any CPU
		{C7DF3632-57A2-4FD8-9DB1-7AA3FF4C073D}.Ad-Hoc|Any CPU.ActiveCfg = Ad-Hoc|iPhone
		{C7DF3632-57A2-4FD8-9DB1-7AA3FF4C073D}.Ad-Hoc|ARM.ActiveCfg = Ad-Hoc|iPhone
		{C7DF3632-57A2-4FD8-9DB1-7AA3FF4C073D}.Ad-Hoc|iPhone.ActiveCfg = Ad-Hoc|iPhone
		{C7DF3632-57A2-4FD8-9DB1-7AA3FF4C073D}.Ad-Hoc|iPhone.Build.0 = Ad-Hoc|iPhone
		{C7DF3632-57A2-4FD8-9DB1-7AA3FF4C073D}.Ad-Hoc|iPhoneSimulator.ActiveCfg = Ad-Hoc|iPhoneSimulator
		{C7DF3632-57A2-4FD8-9DB1-7AA3FF4C073D}.Ad-Hoc|iPhoneSimulator.Build.0 = Ad-Hoc|iPhoneSimulator
		{C7DF3632-57A2-4FD8-9DB1-7AA3FF4C073D}.Ad-Hoc|x64.ActiveCfg = Ad-Hoc|iPhone
		{C7DF3632-57A2-4FD8-9DB1-7AA3FF4C073D}.Ad-Hoc|x86.ActiveCfg = Ad-Hoc|iPhone
		{C7DF3632-57A2-4FD8-9DB1-7AA3FF4C073D}.AppStore|Any CPU.ActiveCfg = AppStore|iPhone
		{C7DF3632-57A2-4FD8-9DB1-7AA3FF4C073D}.AppStore|ARM.ActiveCfg = AppStore|iPhone
		{C7DF3632-57A2-4FD8-9DB1-7AA3FF4C073D}.AppStore|iPhone.ActiveCfg = AppStore|iPhone
		{C7DF3632-57A2-4FD8-9DB1-7AA3FF4C073D}.AppStore|iPhone.Build.0 = AppStore|iPhone
		{C7DF3632-57A2-4FD8-9DB1-7AA3FF4C073D}.AppStore|iPhoneSimulator.ActiveCfg = AppStore|iPhoneSimulator
		{C7DF3632-57A2-4FD8-9DB1-7AA3FF4C073D}.AppStore|iPhoneSimulator.Build.0 = AppStore|iPhoneSimulator
		{C7DF3632-57A2-4FD8-9DB1-7AA3FF4C073D}.AppStore|x64.ActiveCfg = AppStore|iPhone
		{C7DF3632-57A2-4FD8-9DB1-7AA3FF4C073D}.AppStore|x86.ActiveCfg = AppStore|iPhone
		{C7DF3632-57A2-4FD8-9DB1-7AA3FF4C073D}.Debug|Any CPU.ActiveCfg = Debug|iPhone
		{C7DF3632-57A2-4FD8-9DB1-7AA3FF4C073D}.Debug|ARM.ActiveCfg = Debug|iPhone
		{C7DF3632-57A2-4FD8-9DB1-7AA3FF4C073D}.Debug|iPhone.ActiveCfg = Debug|iPhone
		{C7DF3632-57A2-4FD8-9DB1-7AA3FF4C073D}.Debug|iPhone.Build.0 = Debug|iPhone
		{C7DF3632-57A2-4FD8-9DB1-7AA3FF4C073D}.Debug|iPhoneSimulator.ActiveCfg = Debug|iPhoneSimulator
		{C7DF3632-57A2-4FD8-9DB1-7AA3FF4C073D}.Debug|iPhoneSimulator.Build.0 = Debug|iPhoneSimulator
		{C7DF3632-57A2-4FD8-9DB1-7AA3FF4C073D}.Debug|x64.ActiveCfg = Debug|iPhone
		{C7DF3632-57A2-4FD8-9DB1-7AA3FF4C073D}.Debug|x86.ActiveCfg = Debug|iPhone
		{C7DF3632-57A2-4FD8-9DB1-7AA3FF4C073D}.Release|Any CPU.ActiveCfg = Release|iPhone
		{C7DF3632-57A2-4FD8-9DB1-7AA3FF4C073D}.Release|ARM.ActiveCfg = Release|iPhone
		{C7DF3632-57A2-4FD8-9DB1-7AA3FF4C073D}.Release|iPhone.ActiveCfg = Release|iPhone
		{C7DF3632-57A2-4FD8-9DB1-7AA3FF4C073D}.Release|iPhone.Build.0 = Release|iPhone
		{C7DF3632-57A2-4FD8-9DB1-7AA3FF4C073D}.Release|iPhoneSimulator.ActiveCfg = Release|iPhoneSimulator
		{C7DF3632-57A2-4FD8-9DB1-7AA3FF4C073D}.Release|iPhoneSimulator.Build.0 = Release|iPhoneSimulator
		{C7DF3632-57A2-4FD8-9DB1-7AA3FF4C073D}.Release|x64.ActiveCfg = Release|iPhone
		{C7DF3632-57A2-4FD8-9DB1-7AA3FF4C073D}.Release|x86.ActiveCfg = Release|iPhone
		{A2321A35-57BC-4A0E-92A4-BA2C5F3C4E47}.Ad-Hoc|Any CPU.ActiveCfg = Release|Any CPU
		{A2321A35-57BC-4A0E-92A4-BA2C5F3C4E47}.Ad-Hoc|Any CPU.Build.0 = Release|Any CPU
		{A2321A35-57BC-4A0E-92A4-BA2C5F3C4E47}.Ad-Hoc|Any CPU.Deploy.0 = Release|Any CPU
		{A2321A35-57BC-4A0E-92A4-BA2C5F3C4E47}.Ad-Hoc|ARM.ActiveCfg = Release|ARM
		{A2321A35-57BC-4A0E-92A4-BA2C5F3C4E47}.Ad-Hoc|ARM.Build.0 = Release|ARM
		{A2321A35-57BC-4A0E-92A4-BA2C5F3C4E47}.Ad-Hoc|ARM.Deploy.0 = Release|ARM
		{A2321A35-57BC-4A0E-92A4-BA2C5F3C4E47}.Ad-Hoc|iPhone.ActiveCfg = Release|Any CPU
		{A2321A35-57BC-4A0E-92A4-BA2C5F3C4E47}.Ad-Hoc|iPhone.Build.0 = Release|Any CPU
		{A2321A35-57BC-4A0E-92A4-BA2C5F3C4E47}.Ad-Hoc|iPhone.Deploy.0 = Release|Any CPU
		{A2321A35-57BC-4A0E-92A4-BA2C5F3C4E47}.Ad-Hoc|iPhoneSimulator.ActiveCfg = Release|Any CPU
		{A2321A35-57BC-4A0E-92A4-BA2C5F3C4E47}.Ad-Hoc|iPhoneSimulator.Build.0 = Release|Any CPU
		{A2321A35-57BC-4A0E-92A4-BA2C5F3C4E47}.Ad-Hoc|iPhoneSimulator.Deploy.0 = Release|Any CPU
		{A2321A35-57BC-4A0E-92A4-BA2C5F3C4E47}.Ad-Hoc|x64.ActiveCfg = Release|Any CPU
		{A2321A35-57BC-4A0E-92A4-BA2C5F3C4E47}.Ad-Hoc|x64.Build.0 = Release|Any CPU
		{A2321A35-57BC-4A0E-92A4-BA2C5F3C4E47}.Ad-Hoc|x64.Deploy.0 = Release|Any CPU
		{A2321A35-57BC-4A0E-92A4-BA2C5F3C4E47}.Ad-Hoc|x86.ActiveCfg = Release|x86
		{A2321A35-57BC-4A0E-92A4-BA2C5F3C4E47}.Ad-Hoc|x86.Build.0 = Release|x86
		{A2321A35-57BC-4A0E-92A4-BA2C5F3C4E47}.Ad-Hoc|x86.Deploy.0 = Release|x86
		{A2321A35-57BC-4A0E-92A4-BA2C5F3C4E47}.AppStore|Any CPU.ActiveCfg = Release|Any CPU
		{A2321A35-57BC-4A0E-92A4-BA2C5F3C4E47}.AppStore|Any CPU.Build.0 = Release|Any CPU
		{A2321A35-57BC-4A0E-92A4-BA2C5F3C4E47}.AppStore|Any CPU.Deploy.0 = Release|Any CPU
		{A2321A35-57BC-4A0E-92A4-BA2C5F3C4E47}.AppStore|ARM.ActiveCfg = Release|ARM
		{A2321A35-57BC-4A0E-92A4-BA2C5F3C4E47}.AppStore|ARM.Build.0 = Release|ARM
		{A2321A35-57BC-4A0E-92A4-BA2C5F3C4E47}.AppStore|ARM.Deploy.0 = Release|ARM
		{A2321A35-57BC-4A0E-92A4-BA2C5F3C4E47}.AppStore|iPhone.ActiveCfg = Release|Any CPU
		{A2321A35-57BC-4A0E-92A4-BA2C5F3C4E47}.AppStore|iPhone.Build.0 = Release|Any CPU
		{A2321A35-57BC-4A0E-92A4-BA2C5F3C4E47}.AppStore|iPhone.Deploy.0 = Release|Any CPU
		{A2321A35-57BC-4A0E-92A4-BA2C5F3C4E47}.AppStore|iPhoneSimulator.ActiveCfg = Release|Any CPU
		{A2321A35-57BC-4A0E-92A4-BA2C5F3C4E47}.AppStore|iPhoneSimulator.Build.0 = Release|Any CPU
		{A2321A35-57BC-4A0E-92A4-BA2C5F3C4E47}.AppStore|iPhoneSimulator.Deploy.0 = Release|Any CPU
		{A2321A35-57BC-4A0E-92A4-BA2C5F3C4E47}.AppStore|x64.ActiveCfg = Release|Any CPU
		{A2321A35-57BC-4A0E-92A4-BA2C5F3C4E47}.AppStore|x64.Build.0 = Release|Any CPU
		{A2321A35-57BC-4A0E-92A4-BA2C5F3C4E47}.AppStore|x64.Deploy.0 = Release|Any CPU
		{A2321A35-57BC-4A0E-92A4-BA2C5F3C4E47}.AppStore|x86.ActiveCfg = Release|x86
		{A2321A35-57BC-4A0E-92A4-BA2C5F3C4E47}.AppStore|x86.Build.0 = Release|x86
		{A2321A35-57BC-4A0E-92A4-BA2C5F3C4E47}.AppStore|x86.Deploy.0 = Release|x86
		{A2321A35-57BC-4A0E-92A4-BA2C5F3C4E47}.Debug|Any CPU.ActiveCfg = Debug|Any CPU
		{A2321A35-57BC-4A0E-92A4-BA2C5F3C4E47}.Debug|Any CPU.Build.0 = Debug|Any CPU
		{A2321A35-57BC-4A0E-92A4-BA2C5F3C4E47}.Debug|Any CPU.Deploy.0 = Debug|Any CPU
		{A2321A35-57BC-4A0E-92A4-BA2C5F3C4E47}.Debug|ARM.ActiveCfg = Debug|ARM
		{A2321A35-57BC-4A0E-92A4-BA2C5F3C4E47}.Debug|ARM.Build.0 = Debug|ARM
		{A2321A35-57BC-4A0E-92A4-BA2C5F3C4E47}.Debug|ARM.Deploy.0 = Debug|ARM
		{A2321A35-57BC-4A0E-92A4-BA2C5F3C4E47}.Debug|iPhone.ActiveCfg = Debug|Any CPU
		{A2321A35-57BC-4A0E-92A4-BA2C5F3C4E47}.Debug|iPhone.Build.0 = Debug|Any CPU
		{A2321A35-57BC-4A0E-92A4-BA2C5F3C4E47}.Debug|iPhone.Deploy.0 = Debug|Any CPU
		{A2321A35-57BC-4A0E-92A4-BA2C5F3C4E47}.Debug|iPhoneSimulator.ActiveCfg = Debug|Any CPU
		{A2321A35-57BC-4A0E-92A4-BA2C5F3C4E47}.Debug|iPhoneSimulator.Build.0 = Debug|Any CPU
		{A2321A35-57BC-4A0E-92A4-BA2C5F3C4E47}.Debug|iPhoneSimulator.Deploy.0 = Debug|Any CPU
		{A2321A35-57BC-4A0E-92A4-BA2C5F3C4E47}.Debug|x64.ActiveCfg = Debug|Any CPU
		{A2321A35-57BC-4A0E-92A4-BA2C5F3C4E47}.Debug|x64.Build.0 = Debug|Any CPU
		{A2321A35-57BC-4A0E-92A4-BA2C5F3C4E47}.Debug|x64.Deploy.0 = Debug|Any CPU
		{A2321A35-57BC-4A0E-92A4-BA2C5F3C4E47}.Debug|x86.ActiveCfg = Debug|x86
		{A2321A35-57BC-4A0E-92A4-BA2C5F3C4E47}.Debug|x86.Build.0 = Debug|x86
		{A2321A35-57BC-4A0E-92A4-BA2C5F3C4E47}.Debug|x86.Deploy.0 = Debug|x86
		{A2321A35-57BC-4A0E-92A4-BA2C5F3C4E47}.Release|Any CPU.ActiveCfg = Release|Any CPU
		{A2321A35-57BC-4A0E-92A4-BA2C5F3C4E47}.Release|Any CPU.Build.0 = Release|Any CPU
		{A2321A35-57BC-4A0E-92A4-BA2C5F3C4E47}.Release|Any CPU.Deploy.0 = Release|Any CPU
		{A2321A35-57BC-4A0E-92A4-BA2C5F3C4E47}.Release|ARM.ActiveCfg = Release|ARM
		{A2321A35-57BC-4A0E-92A4-BA2C5F3C4E47}.Release|ARM.Build.0 = Release|ARM
		{A2321A35-57BC-4A0E-92A4-BA2C5F3C4E47}.Release|ARM.Deploy.0 = Release|ARM
		{A2321A35-57BC-4A0E-92A4-BA2C5F3C4E47}.Release|iPhone.ActiveCfg = Release|Any CPU
		{A2321A35-57BC-4A0E-92A4-BA2C5F3C4E47}.Release|iPhone.Build.0 = Release|Any CPU
		{A2321A35-57BC-4A0E-92A4-BA2C5F3C4E47}.Release|iPhone.Deploy.0 = Release|Any CPU
		{A2321A35-57BC-4A0E-92A4-BA2C5F3C4E47}.Release|iPhoneSimulator.ActiveCfg = Release|Any CPU
		{A2321A35-57BC-4A0E-92A4-BA2C5F3C4E47}.Release|iPhoneSimulator.Build.0 = Release|Any CPU
		{A2321A35-57BC-4A0E-92A4-BA2C5F3C4E47}.Release|iPhoneSimulator.Deploy.0 = Release|Any CPU
		{A2321A35-57BC-4A0E-92A4-BA2C5F3C4E47}.Release|x64.ActiveCfg = Release|Any CPU
		{A2321A35-57BC-4A0E-92A4-BA2C5F3C4E47}.Release|x64.Build.0 = Release|Any CPU
		{A2321A35-57BC-4A0E-92A4-BA2C5F3C4E47}.Release|x64.Deploy.0 = Release|Any CPU
		{A2321A35-57BC-4A0E-92A4-BA2C5F3C4E47}.Release|x86.ActiveCfg = Release|x86
		{A2321A35-57BC-4A0E-92A4-BA2C5F3C4E47}.Release|x86.Build.0 = Release|x86
		{A2321A35-57BC-4A0E-92A4-BA2C5F3C4E47}.Release|x86.Deploy.0 = Release|x86
		{BF2CE678-A349-4B25-A95C-977853B48EE6}.Ad-Hoc|Any CPU.ActiveCfg = Release|x86
		{BF2CE678-A349-4B25-A95C-977853B48EE6}.Ad-Hoc|Any CPU.Build.0 = Release|x86
		{BF2CE678-A349-4B25-A95C-977853B48EE6}.Ad-Hoc|Any CPU.Deploy.0 = Release|x86
		{BF2CE678-A349-4B25-A95C-977853B48EE6}.Ad-Hoc|ARM.ActiveCfg = Release|ARM
		{BF2CE678-A349-4B25-A95C-977853B48EE6}.Ad-Hoc|ARM.Build.0 = Release|ARM
		{BF2CE678-A349-4B25-A95C-977853B48EE6}.Ad-Hoc|ARM.Deploy.0 = Release|ARM
		{BF2CE678-A349-4B25-A95C-977853B48EE6}.Ad-Hoc|iPhone.ActiveCfg = Release|x86
		{BF2CE678-A349-4B25-A95C-977853B48EE6}.Ad-Hoc|iPhone.Build.0 = Release|x86
		{BF2CE678-A349-4B25-A95C-977853B48EE6}.Ad-Hoc|iPhone.Deploy.0 = Release|x86
		{BF2CE678-A349-4B25-A95C-977853B48EE6}.Ad-Hoc|iPhoneSimulator.ActiveCfg = Release|x86
		{BF2CE678-A349-4B25-A95C-977853B48EE6}.Ad-Hoc|iPhoneSimulator.Build.0 = Release|x86
		{BF2CE678-A349-4B25-A95C-977853B48EE6}.Ad-Hoc|iPhoneSimulator.Deploy.0 = Release|x86
		{BF2CE678-A349-4B25-A95C-977853B48EE6}.Ad-Hoc|x64.ActiveCfg = Release|x64
		{BF2CE678-A349-4B25-A95C-977853B48EE6}.Ad-Hoc|x64.Build.0 = Release|x64
		{BF2CE678-A349-4B25-A95C-977853B48EE6}.Ad-Hoc|x64.Deploy.0 = Release|x64
		{BF2CE678-A349-4B25-A95C-977853B48EE6}.Ad-Hoc|x86.ActiveCfg = Release|x86
		{BF2CE678-A349-4B25-A95C-977853B48EE6}.Ad-Hoc|x86.Build.0 = Release|x86
		{BF2CE678-A349-4B25-A95C-977853B48EE6}.Ad-Hoc|x86.Deploy.0 = Release|x86
		{BF2CE678-A349-4B25-A95C-977853B48EE6}.AppStore|Any CPU.ActiveCfg = Release|x86
		{BF2CE678-A349-4B25-A95C-977853B48EE6}.AppStore|Any CPU.Build.0 = Release|x86
		{BF2CE678-A349-4B25-A95C-977853B48EE6}.AppStore|Any CPU.Deploy.0 = Release|x86
		{BF2CE678-A349-4B25-A95C-977853B48EE6}.AppStore|ARM.ActiveCfg = Release|ARM
		{BF2CE678-A349-4B25-A95C-977853B48EE6}.AppStore|ARM.Build.0 = Release|ARM
		{BF2CE678-A349-4B25-A95C-977853B48EE6}.AppStore|ARM.Deploy.0 = Release|ARM
		{BF2CE678-A349-4B25-A95C-977853B48EE6}.AppStore|iPhone.ActiveCfg = Release|x86
		{BF2CE678-A349-4B25-A95C-977853B48EE6}.AppStore|iPhone.Build.0 = Release|x86
		{BF2CE678-A349-4B25-A95C-977853B48EE6}.AppStore|iPhone.Deploy.0 = Release|x86
		{BF2CE678-A349-4B25-A95C-977853B48EE6}.AppStore|iPhoneSimulator.ActiveCfg = Release|x86
		{BF2CE678-A349-4B25-A95C-977853B48EE6}.AppStore|iPhoneSimulator.Build.0 = Release|x86
		{BF2CE678-A349-4B25-A95C-977853B48EE6}.AppStore|iPhoneSimulator.Deploy.0 = Release|x86
		{BF2CE678-A349-4B25-A95C-977853B48EE6}.AppStore|x64.ActiveCfg = Release|x64
		{BF2CE678-A349-4B25-A95C-977853B48EE6}.AppStore|x64.Build.0 = Release|x64
		{BF2CE678-A349-4B25-A95C-977853B48EE6}.AppStore|x64.Deploy.0 = Release|x64
		{BF2CE678-A349-4B25-A95C-977853B48EE6}.AppStore|x86.ActiveCfg = Release|x86
		{BF2CE678-A349-4B25-A95C-977853B48EE6}.AppStore|x86.Build.0 = Release|x86
		{BF2CE678-A349-4B25-A95C-977853B48EE6}.AppStore|x86.Deploy.0 = Release|x86
		{BF2CE678-A349-4B25-A95C-977853B48EE6}.Debug|Any CPU.ActiveCfg = Debug|x86
		{BF2CE678-A349-4B25-A95C-977853B48EE6}.Debug|ARM.ActiveCfg = Debug|ARM
		{BF2CE678-A349-4B25-A95C-977853B48EE6}.Debug|ARM.Build.0 = Debug|ARM
		{BF2CE678-A349-4B25-A95C-977853B48EE6}.Debug|ARM.Deploy.0 = Debug|ARM
		{BF2CE678-A349-4B25-A95C-977853B48EE6}.Debug|iPhone.ActiveCfg = Debug|x86
		{BF2CE678-A349-4B25-A95C-977853B48EE6}.Debug|iPhoneSimulator.ActiveCfg = Debug|x86
		{BF2CE678-A349-4B25-A95C-977853B48EE6}.Debug|x64.ActiveCfg = Debug|x64
		{BF2CE678-A349-4B25-A95C-977853B48EE6}.Debug|x64.Build.0 = Debug|x64
		{BF2CE678-A349-4B25-A95C-977853B48EE6}.Debug|x64.Deploy.0 = Debug|x64
		{BF2CE678-A349-4B25-A95C-977853B48EE6}.Debug|x86.ActiveCfg = Debug|x86
		{BF2CE678-A349-4B25-A95C-977853B48EE6}.Debug|x86.Build.0 = Debug|x86
		{BF2CE678-A349-4B25-A95C-977853B48EE6}.Debug|x86.Deploy.0 = Debug|x86
		{BF2CE678-A349-4B25-A95C-977853B48EE6}.Release|Any CPU.ActiveCfg = Release|x86
		{BF2CE678-A349-4B25-A95C-977853B48EE6}.Release|ARM.ActiveCfg = Release|ARM
		{BF2CE678-A349-4B25-A95C-977853B48EE6}.Release|ARM.Build.0 = Release|ARM
		{BF2CE678-A349-4B25-A95C-977853B48EE6}.Release|ARM.Deploy.0 = Release|ARM
		{BF2CE678-A349-4B25-A95C-977853B48EE6}.Release|iPhone.ActiveCfg = Release|x86
		{BF2CE678-A349-4B25-A95C-977853B48EE6}.Release|iPhoneSimulator.ActiveCfg = Release|x86
		{BF2CE678-A349-4B25-A95C-977853B48EE6}.Release|x64.ActiveCfg = Release|x64
		{BF2CE678-A349-4B25-A95C-977853B48EE6}.Release|x64.Build.0 = Release|x64
		{BF2CE678-A349-4B25-A95C-977853B48EE6}.Release|x64.Deploy.0 = Release|x64
		{BF2CE678-A349-4B25-A95C-977853B48EE6}.Release|x86.ActiveCfg = Release|x86
		{BF2CE678-A349-4B25-A95C-977853B48EE6}.Release|x86.Build.0 = Release|x86
		{BF2CE678-A349-4B25-A95C-977853B48EE6}.Release|x86.Deploy.0 = Release|x86
		{F93AEAE6-9B93-44B9-AF37-727FAB712743}.Ad-Hoc|Any CPU.ActiveCfg = Release|Any CPU
		{F93AEAE6-9B93-44B9-AF37-727FAB712743}.Ad-Hoc|Any CPU.Build.0 = Release|Any CPU
		{F93AEAE6-9B93-44B9-AF37-727FAB712743}.Ad-Hoc|Any CPU.Deploy.0 = Release|Any CPU
		{F93AEAE6-9B93-44B9-AF37-727FAB712743}.Ad-Hoc|ARM.ActiveCfg = Release|ARM
		{F93AEAE6-9B93-44B9-AF37-727FAB712743}.Ad-Hoc|ARM.Build.0 = Release|ARM
		{F93AEAE6-9B93-44B9-AF37-727FAB712743}.Ad-Hoc|ARM.Deploy.0 = Release|ARM
		{F93AEAE6-9B93-44B9-AF37-727FAB712743}.Ad-Hoc|iPhone.ActiveCfg = Release|Any CPU
		{F93AEAE6-9B93-44B9-AF37-727FAB712743}.Ad-Hoc|iPhone.Build.0 = Release|Any CPU
		{F93AEAE6-9B93-44B9-AF37-727FAB712743}.Ad-Hoc|iPhone.Deploy.0 = Release|Any CPU
		{F93AEAE6-9B93-44B9-AF37-727FAB712743}.Ad-Hoc|iPhoneSimulator.ActiveCfg = Release|Any CPU
		{F93AEAE6-9B93-44B9-AF37-727FAB712743}.Ad-Hoc|iPhoneSimulator.Build.0 = Release|Any CPU
		{F93AEAE6-9B93-44B9-AF37-727FAB712743}.Ad-Hoc|iPhoneSimulator.Deploy.0 = Release|Any CPU
		{F93AEAE6-9B93-44B9-AF37-727FAB712743}.Ad-Hoc|x64.ActiveCfg = Release|x64
		{F93AEAE6-9B93-44B9-AF37-727FAB712743}.Ad-Hoc|x64.Build.0 = Release|x64
		{F93AEAE6-9B93-44B9-AF37-727FAB712743}.Ad-Hoc|x64.Deploy.0 = Release|x64
		{F93AEAE6-9B93-44B9-AF37-727FAB712743}.Ad-Hoc|x86.ActiveCfg = Release|x86
		{F93AEAE6-9B93-44B9-AF37-727FAB712743}.Ad-Hoc|x86.Build.0 = Release|x86
		{F93AEAE6-9B93-44B9-AF37-727FAB712743}.Ad-Hoc|x86.Deploy.0 = Release|x86
		{F93AEAE6-9B93-44B9-AF37-727FAB712743}.AppStore|Any CPU.ActiveCfg = Release|Any CPU
		{F93AEAE6-9B93-44B9-AF37-727FAB712743}.AppStore|Any CPU.Build.0 = Release|Any CPU
		{F93AEAE6-9B93-44B9-AF37-727FAB712743}.AppStore|Any CPU.Deploy.0 = Release|Any CPU
		{F93AEAE6-9B93-44B9-AF37-727FAB712743}.AppStore|ARM.ActiveCfg = Release|ARM
		{F93AEAE6-9B93-44B9-AF37-727FAB712743}.AppStore|ARM.Build.0 = Release|ARM
		{F93AEAE6-9B93-44B9-AF37-727FAB712743}.AppStore|ARM.Deploy.0 = Release|ARM
		{F93AEAE6-9B93-44B9-AF37-727FAB712743}.AppStore|iPhone.ActiveCfg = Release|Any CPU
		{F93AEAE6-9B93-44B9-AF37-727FAB712743}.AppStore|iPhone.Build.0 = Release|Any CPU
		{F93AEAE6-9B93-44B9-AF37-727FAB712743}.AppStore|iPhone.Deploy.0 = Release|Any CPU
		{F93AEAE6-9B93-44B9-AF37-727FAB712743}.AppStore|iPhoneSimulator.ActiveCfg = Release|Any CPU
		{F93AEAE6-9B93-44B9-AF37-727FAB712743}.AppStore|iPhoneSimulator.Build.0 = Release|Any CPU
		{F93AEAE6-9B93-44B9-AF37-727FAB712743}.AppStore|iPhoneSimulator.Deploy.0 = Release|Any CPU
		{F93AEAE6-9B93-44B9-AF37-727FAB712743}.AppStore|x64.ActiveCfg = Release|x64
		{F93AEAE6-9B93-44B9-AF37-727FAB712743}.AppStore|x64.Build.0 = Release|x64
		{F93AEAE6-9B93-44B9-AF37-727FAB712743}.AppStore|x64.Deploy.0 = Release|x64
		{F93AEAE6-9B93-44B9-AF37-727FAB712743}.AppStore|x86.ActiveCfg = Release|x86
		{F93AEAE6-9B93-44B9-AF37-727FAB712743}.AppStore|x86.Build.0 = Release|x86
		{F93AEAE6-9B93-44B9-AF37-727FAB712743}.AppStore|x86.Deploy.0 = Release|x86
		{F93AEAE6-9B93-44B9-AF37-727FAB712743}.Debug|Any CPU.ActiveCfg = Debug|Any CPU
		{F93AEAE6-9B93-44B9-AF37-727FAB712743}.Debug|Any CPU.Build.0 = Debug|Any CPU
		{F93AEAE6-9B93-44B9-AF37-727FAB712743}.Debug|Any CPU.Deploy.0 = Debug|Any CPU
		{F93AEAE6-9B93-44B9-AF37-727FAB712743}.Debug|ARM.ActiveCfg = Debug|ARM
		{F93AEAE6-9B93-44B9-AF37-727FAB712743}.Debug|ARM.Build.0 = Debug|ARM
		{F93AEAE6-9B93-44B9-AF37-727FAB712743}.Debug|ARM.Deploy.0 = Debug|ARM
		{F93AEAE6-9B93-44B9-AF37-727FAB712743}.Debug|iPhone.ActiveCfg = Debug|Any CPU
		{F93AEAE6-9B93-44B9-AF37-727FAB712743}.Debug|iPhone.Build.0 = Debug|Any CPU
		{F93AEAE6-9B93-44B9-AF37-727FAB712743}.Debug|iPhone.Deploy.0 = Debug|Any CPU
		{F93AEAE6-9B93-44B9-AF37-727FAB712743}.Debug|iPhoneSimulator.ActiveCfg = Debug|Any CPU
		{F93AEAE6-9B93-44B9-AF37-727FAB712743}.Debug|iPhoneSimulator.Build.0 = Debug|Any CPU
		{F93AEAE6-9B93-44B9-AF37-727FAB712743}.Debug|iPhoneSimulator.Deploy.0 = Debug|Any CPU
		{F93AEAE6-9B93-44B9-AF37-727FAB712743}.Debug|x64.ActiveCfg = Debug|x64
		{F93AEAE6-9B93-44B9-AF37-727FAB712743}.Debug|x64.Build.0 = Debug|x64
		{F93AEAE6-9B93-44B9-AF37-727FAB712743}.Debug|x64.Deploy.0 = Debug|x64
		{F93AEAE6-9B93-44B9-AF37-727FAB712743}.Debug|x86.ActiveCfg = Debug|x86
		{F93AEAE6-9B93-44B9-AF37-727FAB712743}.Debug|x86.Build.0 = Debug|x86
		{F93AEAE6-9B93-44B9-AF37-727FAB712743}.Debug|x86.Deploy.0 = Debug|x86
		{F93AEAE6-9B93-44B9-AF37-727FAB712743}.Release|Any CPU.ActiveCfg = Release|Any CPU
		{F93AEAE6-9B93-44B9-AF37-727FAB712743}.Release|Any CPU.Build.0 = Release|Any CPU
		{F93AEAE6-9B93-44B9-AF37-727FAB712743}.Release|Any CPU.Deploy.0 = Release|Any CPU
		{F93AEAE6-9B93-44B9-AF37-727FAB712743}.Release|ARM.ActiveCfg = Release|ARM
		{F93AEAE6-9B93-44B9-AF37-727FAB712743}.Release|ARM.Build.0 = Release|ARM
		{F93AEAE6-9B93-44B9-AF37-727FAB712743}.Release|ARM.Deploy.0 = Release|ARM
		{F93AEAE6-9B93-44B9-AF37-727FAB712743}.Release|iPhone.ActiveCfg = Release|Any CPU
		{F93AEAE6-9B93-44B9-AF37-727FAB712743}.Release|iPhone.Build.0 = Release|Any CPU
		{F93AEAE6-9B93-44B9-AF37-727FAB712743}.Release|iPhone.Deploy.0 = Release|Any CPU
		{F93AEAE6-9B93-44B9-AF37-727FAB712743}.Release|iPhoneSimulator.ActiveCfg = Release|Any CPU
		{F93AEAE6-9B93-44B9-AF37-727FAB712743}.Release|iPhoneSimulator.Build.0 = Release|Any CPU
		{F93AEAE6-9B93-44B9-AF37-727FAB712743}.Release|iPhoneSimulator.Deploy.0 = Release|Any CPU
		{F93AEAE6-9B93-44B9-AF37-727FAB712743}.Release|x64.ActiveCfg = Release|x64
		{F93AEAE6-9B93-44B9-AF37-727FAB712743}.Release|x64.Build.0 = Release|x64
		{F93AEAE6-9B93-44B9-AF37-727FAB712743}.Release|x64.Deploy.0 = Release|x64
		{F93AEAE6-9B93-44B9-AF37-727FAB712743}.Release|x86.ActiveCfg = Release|x86
		{F93AEAE6-9B93-44B9-AF37-727FAB712743}.Release|x86.Build.0 = Release|x86
		{F93AEAE6-9B93-44B9-AF37-727FAB712743}.Release|x86.Deploy.0 = Release|x86
	EndGlobalSection
	GlobalSection(SolutionProperties) = preSolution
		HideSolutionNode = FALSE
	EndGlobalSection
EndGlobal
