
Microsoft Visual Studio Solution File, Format Version 12.00
# Visual Studio 14
VisualStudioVersion = 14.0.25420.1
MinimumVisualStudioVersion = 10.0.40219.1
Project("{FAE04EC0-301F-11D3-BF4B-00C04F79EFBC}") = "FastBar_Event_Browser.Droid", "FastBar_Event_Browser\FastBar_Event_Browser.Droid\FastBar_Event_Browser.Droid.csproj", "{FA3A8D12-7731-4713-9442-8A0E260974BC}"
EndProject
Project("{FAE04EC0-301F-11D3-BF4B-00C04F79EFBC}") = "FastBar_Event_Browser.iOS", "FastBar_Event_Browser\FastBar_Event_Browser.iOS\FastBar_Event_Browser.iOS.csproj", "{77D49A7A-33C4-470B-B6CA-8C9E0A8E2AEB}"
EndProject
Project("{FAE04EC0-301F-11D3-BF4B-00C04F79EFBC}") = "FastBar_Event_Browser.WinPhone", "FastBar_Event_Browser\FastBar_Event_Browser.WinPhone\FastBar_Event_Browser.WinPhone.csproj", "{2637BF8E-5116-4732-A963-6EC2170736FA}"
EndProject
Project("{FAE04EC0-301F-11D3-BF4B-00C04F79EFBC}") = "FastBar_Event_Browser.UWP", "FastBar_Event_Browser\FastBar_Event_Browser.UWP\FastBar_Event_Browser.UWP.csproj", "{F62580FA-416C-4133-BF5E-BC6B95CC586E}"
EndProject
Project("{FAE04EC0-301F-11D3-BF4B-00C04F79EFBC}") = "FastBar_Event_Browser.Windows", "FastBar_Event_Browser\FastBar_Event_Browser.Windows\FastBar_Event_Browser.Windows.csproj", "{091B7CE7-2CD0-46C4-B977-2F0ACC98C9F9}"
EndProject
Project("{FAE04EC0-301F-11D3-BF4B-00C04F79EFBC}") = "FastBar_Event_Browser", "FastBar_Event_Browser\FastBar_Event_Browser\FastBar_Event_Browser.csproj", "{5B1C9D96-8EFE-40A4-8240-2DBFEF62D2E8}"
EndProject
Project("{FAE04EC0-301F-11D3-BF4B-00C04F79EFBC}") = "FastBar_Event_Browser.Tests", "FastBar_Event_Browser.Tests\FastBar_Event_Browser.Tests.csproj", "{DB300AC5-8C37-4F00-B148-4911310FF3E2}"
EndProject
Project("{FAE04EC0-301F-11D3-BF4B-00C04F79EFBC}") = "FastBar_Event_Browser.Android", "FastBar_Event_Browser.Android\FastBar_Event_Browser.Android.csproj", "{807D8C00-6509-403A-9EB8-7DEDFA50C109}"
EndProject
Global
	GlobalSection(SolutionConfigurationPlatforms) = preSolution
		Ad-Hoc|Any CPU = Ad-Hoc|Any CPU
		Ad-Hoc|ARM = Ad-Hoc|ARM
		Ad-Hoc|iPhone = Ad-Hoc|iPhone
		Ad-Hoc|iPhoneSimulator = Ad-Hoc|iPhoneSimulator
		Ad-Hoc|x64 = Ad-Hoc|x64
		Ad-Hoc|x86 = Ad-Hoc|x86
		AppStore|Any CPU = AppStore|Any CPU
		AppStore|ARM = AppStore|ARM
		AppStore|iPhone = AppStore|iPhone
		AppStore|iPhoneSimulator = AppStore|iPhoneSimulator
		AppStore|x64 = AppStore|x64
		AppStore|x86 = AppStore|x86
		Debug|Any CPU = Debug|Any CPU
		Debug|ARM = Debug|ARM
		Debug|iPhone = Debug|iPhone
		Debug|iPhoneSimulator = Debug|iPhoneSimulator
		Debug|x64 = Debug|x64
		Debug|x86 = Debug|x86
		Release|Any CPU = Release|Any CPU
		Release|ARM = Release|ARM
		Release|iPhone = Release|iPhone
		Release|iPhoneSimulator = Release|iPhoneSimulator
		Release|x64 = Release|x64
		Release|x86 = Release|x86
	EndGlobalSection
	GlobalSection(ProjectConfigurationPlatforms) = postSolution
		{FA3A8D12-7731-4713-9442-8A0E260974BC}.Ad-Hoc|Any CPU.ActiveCfg = Release|Any CPU
		{FA3A8D12-7731-4713-9442-8A0E260974BC}.Ad-Hoc|Any CPU.Build.0 = Release|Any CPU
		{FA3A8D12-7731-4713-9442-8A0E260974BC}.Ad-Hoc|Any CPU.Deploy.0 = Release|Any CPU
		{FA3A8D12-7731-4713-9442-8A0E260974BC}.Ad-Hoc|ARM.ActiveCfg = Release|Any CPU
		{FA3A8D12-7731-4713-9442-8A0E260974BC}.Ad-Hoc|ARM.Build.0 = Release|Any CPU
		{FA3A8D12-7731-4713-9442-8A0E260974BC}.Ad-Hoc|ARM.Deploy.0 = Release|Any CPU
		{FA3A8D12-7731-4713-9442-8A0E260974BC}.Ad-Hoc|iPhone.ActiveCfg = Release|Any CPU
		{FA3A8D12-7731-4713-9442-8A0E260974BC}.Ad-Hoc|iPhone.Build.0 = Release|Any CPU
		{FA3A8D12-7731-4713-9442-8A0E260974BC}.Ad-Hoc|iPhone.Deploy.0 = Release|Any CPU
		{FA3A8D12-7731-4713-9442-8A0E260974BC}.Ad-Hoc|iPhoneSimulator.ActiveCfg = Release|Any CPU
		{FA3A8D12-7731-4713-9442-8A0E260974BC}.Ad-Hoc|iPhoneSimulator.Build.0 = Release|Any CPU
		{FA3A8D12-7731-4713-9442-8A0E260974BC}.Ad-Hoc|iPhoneSimulator.Deploy.0 = Release|Any CPU
		{FA3A8D12-7731-4713-9442-8A0E260974BC}.Ad-Hoc|x64.ActiveCfg = Release|Any CPU
		{FA3A8D12-7731-4713-9442-8A0E260974BC}.Ad-Hoc|x64.Build.0 = Release|Any CPU
		{FA3A8D12-7731-4713-9442-8A0E260974BC}.Ad-Hoc|x64.Deploy.0 = Release|Any CPU
		{FA3A8D12-7731-4713-9442-8A0E260974BC}.Ad-Hoc|x86.ActiveCfg = Release|Any CPU
		{FA3A8D12-7731-4713-9442-8A0E260974BC}.Ad-Hoc|x86.Build.0 = Release|Any CPU
		{FA3A8D12-7731-4713-9442-8A0E260974BC}.Ad-Hoc|x86.Deploy.0 = Release|Any CPU
		{FA3A8D12-7731-4713-9442-8A0E260974BC}.AppStore|Any CPU.ActiveCfg = Release|Any CPU
		{FA3A8D12-7731-4713-9442-8A0E260974BC}.AppStore|Any CPU.Build.0 = Release|Any CPU
		{FA3A8D12-7731-4713-9442-8A0E260974BC}.AppStore|Any CPU.Deploy.0 = Release|Any CPU
		{FA3A8D12-7731-4713-9442-8A0E260974BC}.AppStore|ARM.ActiveCfg = Release|Any CPU
		{FA3A8D12-7731-4713-9442-8A0E260974BC}.AppStore|ARM.Build.0 = Release|Any CPU
		{FA3A8D12-7731-4713-9442-8A0E260974BC}.AppStore|ARM.Deploy.0 = Release|Any CPU
		{FA3A8D12-7731-4713-9442-8A0E260974BC}.AppStore|iPhone.ActiveCfg = Release|Any CPU
		{FA3A8D12-7731-4713-9442-8A0E260974BC}.AppStore|iPhone.Build.0 = Release|Any CPU
		{FA3A8D12-7731-4713-9442-8A0E260974BC}.AppStore|iPhone.Deploy.0 = Release|Any CPU
		{FA3A8D12-7731-4713-9442-8A0E260974BC}.AppStore|iPhoneSimulator.ActiveCfg = Release|Any CPU
		{FA3A8D12-7731-4713-9442-8A0E260974BC}.AppStore|iPhoneSimulator.Build.0 = Release|Any CPU
		{FA3A8D12-7731-4713-9442-8A0E260974BC}.AppStore|iPhoneSimulator.Deploy.0 = Release|Any CPU
		{FA3A8D12-7731-4713-9442-8A0E260974BC}.AppStore|x64.ActiveCfg = Release|Any CPU
		{FA3A8D12-7731-4713-9442-8A0E260974BC}.AppStore|x64.Build.0 = Release|Any CPU
		{FA3A8D12-7731-4713-9442-8A0E260974BC}.AppStore|x64.Deploy.0 = Release|Any CPU
		{FA3A8D12-7731-4713-9442-8A0E260974BC}.AppStore|x86.ActiveCfg = Release|Any CPU
		{FA3A8D12-7731-4713-9442-8A0E260974BC}.AppStore|x86.Build.0 = Release|Any CPU
		{FA3A8D12-7731-4713-9442-8A0E260974BC}.AppStore|x86.Deploy.0 = Release|Any CPU
		{FA3A8D12-7731-4713-9442-8A0E260974BC}.Debug|Any CPU.ActiveCfg = Debug|Any CPU
		{FA3A8D12-7731-4713-9442-8A0E260974BC}.Debug|Any CPU.Build.0 = Debug|Any CPU
		{FA3A8D12-7731-4713-9442-8A0E260974BC}.Debug|Any CPU.Deploy.0 = Debug|Any CPU
		{FA3A8D12-7731-4713-9442-8A0E260974BC}.Debug|ARM.ActiveCfg = Debug|Any CPU
		{FA3A8D12-7731-4713-9442-8A0E260974BC}.Debug|ARM.Build.0 = Debug|Any CPU
		{FA3A8D12-7731-4713-9442-8A0E260974BC}.Debug|ARM.Deploy.0 = Debug|Any CPU
		{FA3A8D12-7731-4713-9442-8A0E260974BC}.Debug|iPhone.ActiveCfg = Debug|Any CPU
		{FA3A8D12-7731-4713-9442-8A0E260974BC}.Debug|iPhone.Build.0 = Debug|Any CPU
		{FA3A8D12-7731-4713-9442-8A0E260974BC}.Debug|iPhone.Deploy.0 = Debug|Any CPU
		{FA3A8D12-7731-4713-9442-8A0E260974BC}.Debug|iPhoneSimulator.ActiveCfg = Debug|Any CPU
		{FA3A8D12-7731-4713-9442-8A0E260974BC}.Debug|iPhoneSimulator.Build.0 = Debug|Any CPU
		{FA3A8D12-7731-4713-9442-8A0E260974BC}.Debug|iPhoneSimulator.Deploy.0 = Debug|Any CPU
		{FA3A8D12-7731-4713-9442-8A0E260974BC}.Debug|x64.ActiveCfg = Debug|Any CPU
		{FA3A8D12-7731-4713-9442-8A0E260974BC}.Debug|x64.Build.0 = Debug|Any CPU
		{FA3A8D12-7731-4713-9442-8A0E260974BC}.Debug|x64.Deploy.0 = Debug|Any CPU
		{FA3A8D12-7731-4713-9442-8A0E260974BC}.Debug|x86.ActiveCfg = Debug|Any CPU
		{FA3A8D12-7731-4713-9442-8A0E260974BC}.Debug|x86.Build.0 = Debug|Any CPU
		{FA3A8D12-7731-4713-9442-8A0E260974BC}.Debug|x86.Deploy.0 = Debug|Any CPU
		{FA3A8D12-7731-4713-9442-8A0E260974BC}.Release|Any CPU.ActiveCfg = Release|Any CPU
		{FA3A8D12-7731-4713-9442-8A0E260974BC}.Release|Any CPU.Build.0 = Release|Any CPU
		{FA3A8D12-7731-4713-9442-8A0E260974BC}.Release|Any CPU.Deploy.0 = Release|Any CPU
		{FA3A8D12-7731-4713-9442-8A0E260974BC}.Release|ARM.ActiveCfg = Release|Any CPU
		{FA3A8D12-7731-4713-9442-8A0E260974BC}.Release|ARM.Build.0 = Release|Any CPU
		{FA3A8D12-7731-4713-9442-8A0E260974BC}.Release|ARM.Deploy.0 = Release|Any CPU
		{FA3A8D12-7731-4713-9442-8A0E260974BC}.Release|iPhone.ActiveCfg = Release|Any CPU
		{FA3A8D12-7731-4713-9442-8A0E260974BC}.Release|iPhone.Build.0 = Release|Any CPU
		{FA3A8D12-7731-4713-9442-8A0E260974BC}.Release|iPhone.Deploy.0 = Release|Any CPU
		{FA3A8D12-7731-4713-9442-8A0E260974BC}.Release|iPhoneSimulator.ActiveCfg = Release|Any CPU
		{FA3A8D12-7731-4713-9442-8A0E260974BC}.Release|iPhoneSimulator.Build.0 = Release|Any CPU
		{FA3A8D12-7731-4713-9442-8A0E260974BC}.Release|iPhoneSimulator.Deploy.0 = Release|Any CPU
		{FA3A8D12-7731-4713-9442-8A0E260974BC}.Release|x64.ActiveCfg = Release|Any CPU
		{FA3A8D12-7731-4713-9442-8A0E260974BC}.Release|x64.Build.0 = Release|Any CPU
		{FA3A8D12-7731-4713-9442-8A0E260974BC}.Release|x64.Deploy.0 = Release|Any CPU
		{FA3A8D12-7731-4713-9442-8A0E260974BC}.Release|x86.ActiveCfg = Release|Any CPU
		{FA3A8D12-7731-4713-9442-8A0E260974BC}.Release|x86.Build.0 = Release|Any CPU
		{FA3A8D12-7731-4713-9442-8A0E260974BC}.Release|x86.Deploy.0 = Release|Any CPU
		{77D49A7A-33C4-470B-B6CA-8C9E0A8E2AEB}.Ad-Hoc|Any CPU.ActiveCfg = Ad-Hoc|iPhone
		{77D49A7A-33C4-470B-B6CA-8C9E0A8E2AEB}.Ad-Hoc|ARM.ActiveCfg = Ad-Hoc|iPhone
		{77D49A7A-33C4-470B-B6CA-8C9E0A8E2AEB}.Ad-Hoc|iPhone.ActiveCfg = Ad-Hoc|iPhone
		{77D49A7A-33C4-470B-B6CA-8C9E0A8E2AEB}.Ad-Hoc|iPhone.Build.0 = Ad-Hoc|iPhone
		{77D49A7A-33C4-470B-B6CA-8C9E0A8E2AEB}.Ad-Hoc|iPhoneSimulator.ActiveCfg = Ad-Hoc|iPhoneSimulator
		{77D49A7A-33C4-470B-B6CA-8C9E0A8E2AEB}.Ad-Hoc|iPhoneSimulator.Build.0 = Ad-Hoc|iPhoneSimulator
		{77D49A7A-33C4-470B-B6CA-8C9E0A8E2AEB}.Ad-Hoc|x64.ActiveCfg = Ad-Hoc|iPhone
		{77D49A7A-33C4-470B-B6CA-8C9E0A8E2AEB}.Ad-Hoc|x86.ActiveCfg = Ad-Hoc|iPhone
		{77D49A7A-33C4-470B-B6CA-8C9E0A8E2AEB}.AppStore|Any CPU.ActiveCfg = AppStore|iPhone
		{77D49A7A-33C4-470B-B6CA-8C9E0A8E2AEB}.AppStore|ARM.ActiveCfg = AppStore|iPhone
		{77D49A7A-33C4-470B-B6CA-8C9E0A8E2AEB}.AppStore|iPhone.ActiveCfg = AppStore|iPhone
		{77D49A7A-33C4-470B-B6CA-8C9E0A8E2AEB}.AppStore|iPhone.Build.0 = AppStore|iPhone
		{77D49A7A-33C4-470B-B6CA-8C9E0A8E2AEB}.AppStore|iPhoneSimulator.ActiveCfg = AppStore|iPhoneSimulator
		{77D49A7A-33C4-470B-B6CA-8C9E0A8E2AEB}.AppStore|iPhoneSimulator.Build.0 = AppStore|iPhoneSimulator
		{77D49A7A-33C4-470B-B6CA-8C9E0A8E2AEB}.AppStore|x64.ActiveCfg = AppStore|iPhone
		{77D49A7A-33C4-470B-B6CA-8C9E0A8E2AEB}.AppStore|x86.ActiveCfg = AppStore|iPhone
		{77D49A7A-33C4-470B-B6CA-8C9E0A8E2AEB}.Debug|Any CPU.ActiveCfg = Debug|iPhone
		{77D49A7A-33C4-470B-B6CA-8C9E0A8E2AEB}.Debug|ARM.ActiveCfg = Debug|iPhone
		{77D49A7A-33C4-470B-B6CA-8C9E0A8E2AEB}.Debug|iPhone.ActiveCfg = Debug|iPhone
		{77D49A7A-33C4-470B-B6CA-8C9E0A8E2AEB}.Debug|iPhone.Build.0 = Debug|iPhone
		{77D49A7A-33C4-470B-B6CA-8C9E0A8E2AEB}.Debug|iPhoneSimulator.ActiveCfg = Debug|iPhoneSimulator
		{77D49A7A-33C4-470B-B6CA-8C9E0A8E2AEB}.Debug|iPhoneSimulator.Build.0 = Debug|iPhoneSimulator
		{77D49A7A-33C4-470B-B6CA-8C9E0A8E2AEB}.Debug|x64.ActiveCfg = Debug|iPhone
		{77D49A7A-33C4-470B-B6CA-8C9E0A8E2AEB}.Debug|x86.ActiveCfg = Debug|iPhone
		{77D49A7A-33C4-470B-B6CA-8C9E0A8E2AEB}.Release|Any CPU.ActiveCfg = Release|iPhone
		{77D49A7A-33C4-470B-B6CA-8C9E0A8E2AEB}.Release|ARM.ActiveCfg = Release|iPhone
		{77D49A7A-33C4-470B-B6CA-8C9E0A8E2AEB}.Release|iPhone.ActiveCfg = Release|iPhone
		{77D49A7A-33C4-470B-B6CA-8C9E0A8E2AEB}.Release|iPhone.Build.0 = Release|iPhone
		{77D49A7A-33C4-470B-B6CA-8C9E0A8E2AEB}.Release|iPhoneSimulator.ActiveCfg = Release|iPhoneSimulator
		{77D49A7A-33C4-470B-B6CA-8C9E0A8E2AEB}.Release|iPhoneSimulator.Build.0 = Release|iPhoneSimulator
		{77D49A7A-33C4-470B-B6CA-8C9E0A8E2AEB}.Release|x64.ActiveCfg = Release|iPhone
		{77D49A7A-33C4-470B-B6CA-8C9E0A8E2AEB}.Release|x86.ActiveCfg = Release|iPhone
		{2637BF8E-5116-4732-A963-6EC2170736FA}.Ad-Hoc|Any CPU.ActiveCfg = Release|Any CPU
		{2637BF8E-5116-4732-A963-6EC2170736FA}.Ad-Hoc|Any CPU.Build.0 = Release|Any CPU
		{2637BF8E-5116-4732-A963-6EC2170736FA}.Ad-Hoc|Any CPU.Deploy.0 = Release|Any CPU
		{2637BF8E-5116-4732-A963-6EC2170736FA}.Ad-Hoc|ARM.ActiveCfg = Release|ARM
		{2637BF8E-5116-4732-A963-6EC2170736FA}.Ad-Hoc|ARM.Build.0 = Release|ARM
		{2637BF8E-5116-4732-A963-6EC2170736FA}.Ad-Hoc|ARM.Deploy.0 = Release|ARM
		{2637BF8E-5116-4732-A963-6EC2170736FA}.Ad-Hoc|iPhone.ActiveCfg = Release|Any CPU
		{2637BF8E-5116-4732-A963-6EC2170736FA}.Ad-Hoc|iPhone.Build.0 = Release|Any CPU
		{2637BF8E-5116-4732-A963-6EC2170736FA}.Ad-Hoc|iPhone.Deploy.0 = Release|Any CPU
		{2637BF8E-5116-4732-A963-6EC2170736FA}.Ad-Hoc|iPhoneSimulator.ActiveCfg = Release|Any CPU
		{2637BF8E-5116-4732-A963-6EC2170736FA}.Ad-Hoc|iPhoneSimulator.Build.0 = Release|Any CPU
		{2637BF8E-5116-4732-A963-6EC2170736FA}.Ad-Hoc|iPhoneSimulator.Deploy.0 = Release|Any CPU
		{2637BF8E-5116-4732-A963-6EC2170736FA}.Ad-Hoc|x64.ActiveCfg = Release|Any CPU
		{2637BF8E-5116-4732-A963-6EC2170736FA}.Ad-Hoc|x64.Build.0 = Release|Any CPU
		{2637BF8E-5116-4732-A963-6EC2170736FA}.Ad-Hoc|x64.Deploy.0 = Release|Any CPU
		{2637BF8E-5116-4732-A963-6EC2170736FA}.Ad-Hoc|x86.ActiveCfg = Release|x86
		{2637BF8E-5116-4732-A963-6EC2170736FA}.Ad-Hoc|x86.Build.0 = Release|x86
		{2637BF8E-5116-4732-A963-6EC2170736FA}.Ad-Hoc|x86.Deploy.0 = Release|x86
		{2637BF8E-5116-4732-A963-6EC2170736FA}.AppStore|Any CPU.ActiveCfg = Release|Any CPU
		{2637BF8E-5116-4732-A963-6EC2170736FA}.AppStore|Any CPU.Build.0 = Release|Any CPU
		{2637BF8E-5116-4732-A963-6EC2170736FA}.AppStore|Any CPU.Deploy.0 = Release|Any CPU
		{2637BF8E-5116-4732-A963-6EC2170736FA}.AppStore|ARM.ActiveCfg = Release|ARM
		{2637BF8E-5116-4732-A963-6EC2170736FA}.AppStore|ARM.Build.0 = Release|ARM
		{2637BF8E-5116-4732-A963-6EC2170736FA}.AppStore|ARM.Deploy.0 = Release|ARM
		{2637BF8E-5116-4732-A963-6EC2170736FA}.AppStore|iPhone.ActiveCfg = Release|Any CPU
		{2637BF8E-5116-4732-A963-6EC2170736FA}.AppStore|iPhone.Build.0 = Release|Any CPU
		{2637BF8E-5116-4732-A963-6EC2170736FA}.AppStore|iPhone.Deploy.0 = Release|Any CPU
		{2637BF8E-5116-4732-A963-6EC2170736FA}.AppStore|iPhoneSimulator.ActiveCfg = Release|Any CPU
		{2637BF8E-5116-4732-A963-6EC2170736FA}.AppStore|iPhoneSimulator.Build.0 = Release|Any CPU
		{2637BF8E-5116-4732-A963-6EC2170736FA}.AppStore|iPhoneSimulator.Deploy.0 = Release|Any CPU
		{2637BF8E-5116-4732-A963-6EC2170736FA}.AppStore|x64.ActiveCfg = Release|Any CPU
		{2637BF8E-5116-4732-A963-6EC2170736FA}.AppStore|x64.Build.0 = Release|Any CPU
		{2637BF8E-5116-4732-A963-6EC2170736FA}.AppStore|x64.Deploy.0 = Release|Any CPU
		{2637BF8E-5116-4732-A963-6EC2170736FA}.AppStore|x86.ActiveCfg = Release|x86
		{2637BF8E-5116-4732-A963-6EC2170736FA}.AppStore|x86.Build.0 = Release|x86
		{2637BF8E-5116-4732-A963-6EC2170736FA}.AppStore|x86.Deploy.0 = Release|x86
		{2637BF8E-5116-4732-A963-6EC2170736FA}.Debug|Any CPU.ActiveCfg = Debug|Any CPU
		{2637BF8E-5116-4732-A963-6EC2170736FA}.Debug|Any CPU.Build.0 = Debug|Any CPU
		{2637BF8E-5116-4732-A963-6EC2170736FA}.Debug|Any CPU.Deploy.0 = Debug|Any CPU
		{2637BF8E-5116-4732-A963-6EC2170736FA}.Debug|ARM.ActiveCfg = Debug|ARM
		{2637BF8E-5116-4732-A963-6EC2170736FA}.Debug|ARM.Build.0 = Debug|ARM
		{2637BF8E-5116-4732-A963-6EC2170736FA}.Debug|ARM.Deploy.0 = Debug|ARM
		{2637BF8E-5116-4732-A963-6EC2170736FA}.Debug|iPhone.ActiveCfg = Debug|Any CPU
		{2637BF8E-5116-4732-A963-6EC2170736FA}.Debug|iPhone.Build.0 = Debug|Any CPU
		{2637BF8E-5116-4732-A963-6EC2170736FA}.Debug|iPhone.Deploy.0 = Debug|Any CPU
		{2637BF8E-5116-4732-A963-6EC2170736FA}.Debug|iPhoneSimulator.ActiveCfg = Debug|Any CPU
		{2637BF8E-5116-4732-A963-6EC2170736FA}.Debug|iPhoneSimulator.Build.0 = Debug|Any CPU
		{2637BF8E-5116-4732-A963-6EC2170736FA}.Debug|iPhoneSimulator.Deploy.0 = Debug|Any CPU
		{2637BF8E-5116-4732-A963-6EC2170736FA}.Debug|x64.ActiveCfg = Debug|Any CPU
		{2637BF8E-5116-4732-A963-6EC2170736FA}.Debug|x64.Build.0 = Debug|Any CPU
		{2637BF8E-5116-4732-A963-6EC2170736FA}.Debug|x64.Deploy.0 = Debug|Any CPU
		{2637BF8E-5116-4732-A963-6EC2170736FA}.Debug|x86.ActiveCfg = Debug|x86
		{2637BF8E-5116-4732-A963-6EC2170736FA}.Debug|x86.Build.0 = Debug|x86
		{2637BF8E-5116-4732-A963-6EC2170736FA}.Debug|x86.Deploy.0 = Debug|x86
		{2637BF8E-5116-4732-A963-6EC2170736FA}.Release|Any CPU.ActiveCfg = Release|Any CPU
		{2637BF8E-5116-4732-A963-6EC2170736FA}.Release|Any CPU.Build.0 = Release|Any CPU
		{2637BF8E-5116-4732-A963-6EC2170736FA}.Release|Any CPU.Deploy.0 = Release|Any CPU
		{2637BF8E-5116-4732-A963-6EC2170736FA}.Release|ARM.ActiveCfg = Release|ARM
		{2637BF8E-5116-4732-A963-6EC2170736FA}.Release|ARM.Build.0 = Release|ARM
		{2637BF8E-5116-4732-A963-6EC2170736FA}.Release|ARM.Deploy.0 = Release|ARM
		{2637BF8E-5116-4732-A963-6EC2170736FA}.Release|iPhone.ActiveCfg = Release|Any CPU
		{2637BF8E-5116-4732-A963-6EC2170736FA}.Release|iPhone.Build.0 = Release|Any CPU
		{2637BF8E-5116-4732-A963-6EC2170736FA}.Release|iPhone.Deploy.0 = Release|Any CPU
		{2637BF8E-5116-4732-A963-6EC2170736FA}.Release|iPhoneSimulator.ActiveCfg = Release|Any CPU
		{2637BF8E-5116-4732-A963-6EC2170736FA}.Release|iPhoneSimulator.Build.0 = Release|Any CPU
		{2637BF8E-5116-4732-A963-6EC2170736FA}.Release|iPhoneSimulator.Deploy.0 = Release|Any CPU
		{2637BF8E-5116-4732-A963-6EC2170736FA}.Release|x64.ActiveCfg = Release|Any CPU
		{2637BF8E-5116-4732-A963-6EC2170736FA}.Release|x64.Build.0 = Release|Any CPU
		{2637BF8E-5116-4732-A963-6EC2170736FA}.Release|x64.Deploy.0 = Release|Any CPU
		{2637BF8E-5116-4732-A963-6EC2170736FA}.Release|x86.ActiveCfg = Release|x86
		{2637BF8E-5116-4732-A963-6EC2170736FA}.Release|x86.Build.0 = Release|x86
		{2637BF8E-5116-4732-A963-6EC2170736FA}.Release|x86.Deploy.0 = Release|x86
		{F62580FA-416C-4133-BF5E-BC6B95CC586E}.Ad-Hoc|Any CPU.ActiveCfg = Release|x86
		{F62580FA-416C-4133-BF5E-BC6B95CC586E}.Ad-Hoc|Any CPU.Build.0 = Release|x86
		{F62580FA-416C-4133-BF5E-BC6B95CC586E}.Ad-Hoc|Any CPU.Deploy.0 = Release|x86
		{F62580FA-416C-4133-BF5E-BC6B95CC586E}.Ad-Hoc|ARM.ActiveCfg = Release|ARM
		{F62580FA-416C-4133-BF5E-BC6B95CC586E}.Ad-Hoc|ARM.Build.0 = Release|ARM
		{F62580FA-416C-4133-BF5E-BC6B95CC586E}.Ad-Hoc|ARM.Deploy.0 = Release|ARM
		{F62580FA-416C-4133-BF5E-BC6B95CC586E}.Ad-Hoc|iPhone.ActiveCfg = Release|x86
		{F62580FA-416C-4133-BF5E-BC6B95CC586E}.Ad-Hoc|iPhone.Build.0 = Release|x86
		{F62580FA-416C-4133-BF5E-BC6B95CC586E}.Ad-Hoc|iPhone.Deploy.0 = Release|x86
		{F62580FA-416C-4133-BF5E-BC6B95CC586E}.Ad-Hoc|iPhoneSimulator.ActiveCfg = Release|x86
		{F62580FA-416C-4133-BF5E-BC6B95CC586E}.Ad-Hoc|iPhoneSimulator.Build.0 = Release|x86
		{F62580FA-416C-4133-BF5E-BC6B95CC586E}.Ad-Hoc|iPhoneSimulator.Deploy.0 = Release|x86
		{F62580FA-416C-4133-BF5E-BC6B95CC586E}.Ad-Hoc|x64.ActiveCfg = Release|x64
		{F62580FA-416C-4133-BF5E-BC6B95CC586E}.Ad-Hoc|x64.Build.0 = Release|x64
		{F62580FA-416C-4133-BF5E-BC6B95CC586E}.Ad-Hoc|x64.Deploy.0 = Release|x64
		{F62580FA-416C-4133-BF5E-BC6B95CC586E}.Ad-Hoc|x86.ActiveCfg = Release|x86
		{F62580FA-416C-4133-BF5E-BC6B95CC586E}.Ad-Hoc|x86.Build.0 = Release|x86
		{F62580FA-416C-4133-BF5E-BC6B95CC586E}.Ad-Hoc|x86.Deploy.0 = Release|x86
		{F62580FA-416C-4133-BF5E-BC6B95CC586E}.AppStore|Any CPU.ActiveCfg = Release|x86
		{F62580FA-416C-4133-BF5E-BC6B95CC586E}.AppStore|Any CPU.Build.0 = Release|x86
		{F62580FA-416C-4133-BF5E-BC6B95CC586E}.AppStore|Any CPU.Deploy.0 = Release|x86
		{F62580FA-416C-4133-BF5E-BC6B95CC586E}.AppStore|ARM.ActiveCfg = Release|ARM
		{F62580FA-416C-4133-BF5E-BC6B95CC586E}.AppStore|ARM.Build.0 = Release|ARM
		{F62580FA-416C-4133-BF5E-BC6B95CC586E}.AppStore|ARM.Deploy.0 = Release|ARM
		{F62580FA-416C-4133-BF5E-BC6B95CC586E}.AppStore|iPhone.ActiveCfg = Release|x86
		{F62580FA-416C-4133-BF5E-BC6B95CC586E}.AppStore|iPhone.Build.0 = Release|x86
		{F62580FA-416C-4133-BF5E-BC6B95CC586E}.AppStore|iPhone.Deploy.0 = Release|x86
		{F62580FA-416C-4133-BF5E-BC6B95CC586E}.AppStore|iPhoneSimulator.ActiveCfg = Release|x86
		{F62580FA-416C-4133-BF5E-BC6B95CC586E}.AppStore|iPhoneSimulator.Build.0 = Release|x86
		{F62580FA-416C-4133-BF5E-BC6B95CC586E}.AppStore|iPhoneSimulator.Deploy.0 = Release|x86
		{F62580FA-416C-4133-BF5E-BC6B95CC586E}.AppStore|x64.ActiveCfg = Release|x64
		{F62580FA-416C-4133-BF5E-BC6B95CC586E}.AppStore|x64.Build.0 = Release|x64
		{F62580FA-416C-4133-BF5E-BC6B95CC586E}.AppStore|x64.Deploy.0 = Release|x64
		{F62580FA-416C-4133-BF5E-BC6B95CC586E}.AppStore|x86.ActiveCfg = Release|x86
		{F62580FA-416C-4133-BF5E-BC6B95CC586E}.AppStore|x86.Build.0 = Release|x86
		{F62580FA-416C-4133-BF5E-BC6B95CC586E}.AppStore|x86.Deploy.0 = Release|x86
		{F62580FA-416C-4133-BF5E-BC6B95CC586E}.Debug|Any CPU.ActiveCfg = Debug|x64
		{F62580FA-416C-4133-BF5E-BC6B95CC586E}.Debug|Any CPU.Build.0 = Debug|x64
		{F62580FA-416C-4133-BF5E-BC6B95CC586E}.Debug|Any CPU.Deploy.0 = Debug|x64
		{F62580FA-416C-4133-BF5E-BC6B95CC586E}.Debug|ARM.ActiveCfg = Debug|ARM
		{F62580FA-416C-4133-BF5E-BC6B95CC586E}.Debug|ARM.Build.0 = Debug|ARM
		{F62580FA-416C-4133-BF5E-BC6B95CC586E}.Debug|ARM.Deploy.0 = Debug|ARM
		{F62580FA-416C-4133-BF5E-BC6B95CC586E}.Debug|iPhone.ActiveCfg = Debug|ARM
		{F62580FA-416C-4133-BF5E-BC6B95CC586E}.Debug|iPhone.Build.0 = Debug|ARM
		{F62580FA-416C-4133-BF5E-BC6B95CC586E}.Debug|iPhone.Deploy.0 = Debug|ARM
		{F62580FA-416C-4133-BF5E-BC6B95CC586E}.Debug|iPhoneSimulator.ActiveCfg = Debug|x86
		{F62580FA-416C-4133-BF5E-BC6B95CC586E}.Debug|x64.ActiveCfg = Debug|x64
		{F62580FA-416C-4133-BF5E-BC6B95CC586E}.Debug|x64.Build.0 = Debug|x64
		{F62580FA-416C-4133-BF5E-BC6B95CC586E}.Debug|x64.Deploy.0 = Debug|x64
		{F62580FA-416C-4133-BF5E-BC6B95CC586E}.Debug|x86.ActiveCfg = Debug|x86
		{F62580FA-416C-4133-BF5E-BC6B95CC586E}.Debug|x86.Build.0 = Debug|x86
		{F62580FA-416C-4133-BF5E-BC6B95CC586E}.Debug|x86.Deploy.0 = Debug|x86
		{F62580FA-416C-4133-BF5E-BC6B95CC586E}.Release|Any CPU.ActiveCfg = Release|x86
		{F62580FA-416C-4133-BF5E-BC6B95CC586E}.Release|Any CPU.Build.0 = Release|x86
		{F62580FA-416C-4133-BF5E-BC6B95CC586E}.Release|Any CPU.Deploy.0 = Release|x86
		{F62580FA-416C-4133-BF5E-BC6B95CC586E}.Release|ARM.ActiveCfg = Release|ARM
		{F62580FA-416C-4133-BF5E-BC6B95CC586E}.Release|ARM.Build.0 = Release|ARM
		{F62580FA-416C-4133-BF5E-BC6B95CC586E}.Release|ARM.Deploy.0 = Release|ARM
		{F62580FA-416C-4133-BF5E-BC6B95CC586E}.Release|iPhone.ActiveCfg = Release|x86
		{F62580FA-416C-4133-BF5E-BC6B95CC586E}.Release|iPhoneSimulator.ActiveCfg = Release|x86
		{F62580FA-416C-4133-BF5E-BC6B95CC586E}.Release|x64.ActiveCfg = Release|x64
		{F62580FA-416C-4133-BF5E-BC6B95CC586E}.Release|x64.Build.0 = Release|x64
		{F62580FA-416C-4133-BF5E-BC6B95CC586E}.Release|x64.Deploy.0 = Release|x64
		{F62580FA-416C-4133-BF5E-BC6B95CC586E}.Release|x86.ActiveCfg = Release|x86
		{F62580FA-416C-4133-BF5E-BC6B95CC586E}.Release|x86.Build.0 = Release|x86
		{F62580FA-416C-4133-BF5E-BC6B95CC586E}.Release|x86.Deploy.0 = Release|x86
		{091B7CE7-2CD0-46C4-B977-2F0ACC98C9F9}.Ad-Hoc|Any CPU.ActiveCfg = Release|Any CPU
		{091B7CE7-2CD0-46C4-B977-2F0ACC98C9F9}.Ad-Hoc|Any CPU.Build.0 = Release|Any CPU
		{091B7CE7-2CD0-46C4-B977-2F0ACC98C9F9}.Ad-Hoc|Any CPU.Deploy.0 = Release|Any CPU
		{091B7CE7-2CD0-46C4-B977-2F0ACC98C9F9}.Ad-Hoc|ARM.ActiveCfg = Release|ARM
		{091B7CE7-2CD0-46C4-B977-2F0ACC98C9F9}.Ad-Hoc|ARM.Build.0 = Release|ARM
		{091B7CE7-2CD0-46C4-B977-2F0ACC98C9F9}.Ad-Hoc|ARM.Deploy.0 = Release|ARM
		{091B7CE7-2CD0-46C4-B977-2F0ACC98C9F9}.Ad-Hoc|iPhone.ActiveCfg = Release|Any CPU
		{091B7CE7-2CD0-46C4-B977-2F0ACC98C9F9}.Ad-Hoc|iPhone.Build.0 = Release|Any CPU
		{091B7CE7-2CD0-46C4-B977-2F0ACC98C9F9}.Ad-Hoc|iPhone.Deploy.0 = Release|Any CPU
		{091B7CE7-2CD0-46C4-B977-2F0ACC98C9F9}.Ad-Hoc|iPhoneSimulator.ActiveCfg = Release|Any CPU
		{091B7CE7-2CD0-46C4-B977-2F0ACC98C9F9}.Ad-Hoc|iPhoneSimulator.Build.0 = Release|Any CPU
		{091B7CE7-2CD0-46C4-B977-2F0ACC98C9F9}.Ad-Hoc|iPhoneSimulator.Deploy.0 = Release|Any CPU
		{091B7CE7-2CD0-46C4-B977-2F0ACC98C9F9}.Ad-Hoc|x64.ActiveCfg = Release|x64
		{091B7CE7-2CD0-46C4-B977-2F0ACC98C9F9}.Ad-Hoc|x64.Build.0 = Release|x64
		{091B7CE7-2CD0-46C4-B977-2F0ACC98C9F9}.Ad-Hoc|x64.Deploy.0 = Release|x64
		{091B7CE7-2CD0-46C4-B977-2F0ACC98C9F9}.Ad-Hoc|x86.ActiveCfg = Release|x86
		{091B7CE7-2CD0-46C4-B977-2F0ACC98C9F9}.Ad-Hoc|x86.Build.0 = Release|x86
		{091B7CE7-2CD0-46C4-B977-2F0ACC98C9F9}.Ad-Hoc|x86.Deploy.0 = Release|x86
		{091B7CE7-2CD0-46C4-B977-2F0ACC98C9F9}.AppStore|Any CPU.ActiveCfg = Release|Any CPU
		{091B7CE7-2CD0-46C4-B977-2F0ACC98C9F9}.AppStore|Any CPU.Build.0 = Release|Any CPU
		{091B7CE7-2CD0-46C4-B977-2F0ACC98C9F9}.AppStore|Any CPU.Deploy.0 = Release|Any CPU
		{091B7CE7-2CD0-46C4-B977-2F0ACC98C9F9}.AppStore|ARM.ActiveCfg = Release|ARM
		{091B7CE7-2CD0-46C4-B977-2F0ACC98C9F9}.AppStore|ARM.Build.0 = Release|ARM
		{091B7CE7-2CD0-46C4-B977-2F0ACC98C9F9}.AppStore|ARM.Deploy.0 = Release|ARM
		{091B7CE7-2CD0-46C4-B977-2F0ACC98C9F9}.AppStore|iPhone.ActiveCfg = Release|Any CPU
		{091B7CE7-2CD0-46C4-B977-2F0ACC98C9F9}.AppStore|iPhone.Build.0 = Release|Any CPU
		{091B7CE7-2CD0-46C4-B977-2F0ACC98C9F9}.AppStore|iPhone.Deploy.0 = Release|Any CPU
		{091B7CE7-2CD0-46C4-B977-2F0ACC98C9F9}.AppStore|iPhoneSimulator.ActiveCfg = Release|Any CPU
		{091B7CE7-2CD0-46C4-B977-2F0ACC98C9F9}.AppStore|iPhoneSimulator.Build.0 = Release|Any CPU
		{091B7CE7-2CD0-46C4-B977-2F0ACC98C9F9}.AppStore|iPhoneSimulator.Deploy.0 = Release|Any CPU
		{091B7CE7-2CD0-46C4-B977-2F0ACC98C9F9}.AppStore|x64.ActiveCfg = Release|x64
		{091B7CE7-2CD0-46C4-B977-2F0ACC98C9F9}.AppStore|x64.Build.0 = Release|x64
		{091B7CE7-2CD0-46C4-B977-2F0ACC98C9F9}.AppStore|x64.Deploy.0 = Release|x64
		{091B7CE7-2CD0-46C4-B977-2F0ACC98C9F9}.AppStore|x86.ActiveCfg = Release|x86
		{091B7CE7-2CD0-46C4-B977-2F0ACC98C9F9}.AppStore|x86.Build.0 = Release|x86
		{091B7CE7-2CD0-46C4-B977-2F0ACC98C9F9}.AppStore|x86.Deploy.0 = Release|x86
		{091B7CE7-2CD0-46C4-B977-2F0ACC98C9F9}.Debug|Any CPU.ActiveCfg = Debug|Any CPU
		{091B7CE7-2CD0-46C4-B977-2F0ACC98C9F9}.Debug|Any CPU.Build.0 = Debug|Any CPU
		{091B7CE7-2CD0-46C4-B977-2F0ACC98C9F9}.Debug|Any CPU.Deploy.0 = Debug|Any CPU
		{091B7CE7-2CD0-46C4-B977-2F0ACC98C9F9}.Debug|ARM.ActiveCfg = Debug|ARM
		{091B7CE7-2CD0-46C4-B977-2F0ACC98C9F9}.Debug|ARM.Build.0 = Debug|ARM
		{091B7CE7-2CD0-46C4-B977-2F0ACC98C9F9}.Debug|ARM.Deploy.0 = Debug|ARM
		{091B7CE7-2CD0-46C4-B977-2F0ACC98C9F9}.Debug|iPhone.ActiveCfg = Debug|Any CPU
		{091B7CE7-2CD0-46C4-B977-2F0ACC98C9F9}.Debug|iPhone.Build.0 = Debug|Any CPU
		{091B7CE7-2CD0-46C4-B977-2F0ACC98C9F9}.Debug|iPhone.Deploy.0 = Debug|Any CPU
		{091B7CE7-2CD0-46C4-B977-2F0ACC98C9F9}.Debug|iPhoneSimulator.ActiveCfg = Debug|Any CPU
		{091B7CE7-2CD0-46C4-B977-2F0ACC98C9F9}.Debug|iPhoneSimulator.Build.0 = Debug|Any CPU
		{091B7CE7-2CD0-46C4-B977-2F0ACC98C9F9}.Debug|iPhoneSimulator.Deploy.0 = Debug|Any CPU
		{091B7CE7-2CD0-46C4-B977-2F0ACC98C9F9}.Debug|x64.ActiveCfg = Debug|x64
		{091B7CE7-2CD0-46C4-B977-2F0ACC98C9F9}.Debug|x64.Build.0 = Debug|x64
		{091B7CE7-2CD0-46C4-B977-2F0ACC98C9F9}.Debug|x64.Deploy.0 = Debug|x64
		{091B7CE7-2CD0-46C4-B977-2F0ACC98C9F9}.Debug|x86.ActiveCfg = Debug|x86
		{091B7CE7-2CD0-46C4-B977-2F0ACC98C9F9}.Debug|x86.Build.0 = Debug|x86
		{091B7CE7-2CD0-46C4-B977-2F0ACC98C9F9}.Debug|x86.Deploy.0 = Debug|x86
		{091B7CE7-2CD0-46C4-B977-2F0ACC98C9F9}.Release|Any CPU.ActiveCfg = Release|Any CPU
		{091B7CE7-2CD0-46C4-B977-2F0ACC98C9F9}.Release|Any CPU.Build.0 = Release|Any CPU
		{091B7CE7-2CD0-46C4-B977-2F0ACC98C9F9}.Release|Any CPU.Deploy.0 = Release|Any CPU
		{091B7CE7-2CD0-46C4-B977-2F0ACC98C9F9}.Release|ARM.ActiveCfg = Release|ARM
		{091B7CE7-2CD0-46C4-B977-2F0ACC98C9F9}.Release|ARM.Build.0 = Release|ARM
		{091B7CE7-2CD0-46C4-B977-2F0ACC98C9F9}.Release|ARM.Deploy.0 = Release|ARM
		{091B7CE7-2CD0-46C4-B977-2F0ACC98C9F9}.Release|iPhone.ActiveCfg = Release|Any CPU
		{091B7CE7-2CD0-46C4-B977-2F0ACC98C9F9}.Release|iPhone.Build.0 = Release|Any CPU
		{091B7CE7-2CD0-46C4-B977-2F0ACC98C9F9}.Release|iPhone.Deploy.0 = Release|Any CPU
		{091B7CE7-2CD0-46C4-B977-2F0ACC98C9F9}.Release|iPhoneSimulator.ActiveCfg = Release|Any CPU
		{091B7CE7-2CD0-46C4-B977-2F0ACC98C9F9}.Release|iPhoneSimulator.Build.0 = Release|Any CPU
		{091B7CE7-2CD0-46C4-B977-2F0ACC98C9F9}.Release|iPhoneSimulator.Deploy.0 = Release|Any CPU
		{091B7CE7-2CD0-46C4-B977-2F0ACC98C9F9}.Release|x64.ActiveCfg = Release|x64
		{091B7CE7-2CD0-46C4-B977-2F0ACC98C9F9}.Release|x64.Build.0 = Release|x64
		{091B7CE7-2CD0-46C4-B977-2F0ACC98C9F9}.Release|x64.Deploy.0 = Release|x64
		{091B7CE7-2CD0-46C4-B977-2F0ACC98C9F9}.Release|x86.ActiveCfg = Release|x86
		{091B7CE7-2CD0-46C4-B977-2F0ACC98C9F9}.Release|x86.Build.0 = Release|x86
		{091B7CE7-2CD0-46C4-B977-2F0ACC98C9F9}.Release|x86.Deploy.0 = Release|x86
		{5B1C9D96-8EFE-40A4-8240-2DBFEF62D2E8}.Ad-Hoc|Any CPU.ActiveCfg = Release|Any CPU
		{5B1C9D96-8EFE-40A4-8240-2DBFEF62D2E8}.Ad-Hoc|Any CPU.Build.0 = Release|Any CPU
		{5B1C9D96-8EFE-40A4-8240-2DBFEF62D2E8}.Ad-Hoc|ARM.ActiveCfg = Release|Any CPU
		{5B1C9D96-8EFE-40A4-8240-2DBFEF62D2E8}.Ad-Hoc|ARM.Build.0 = Release|Any CPU
		{5B1C9D96-8EFE-40A4-8240-2DBFEF62D2E8}.Ad-Hoc|iPhone.ActiveCfg = Release|Any CPU
		{5B1C9D96-8EFE-40A4-8240-2DBFEF62D2E8}.Ad-Hoc|iPhone.Build.0 = Release|Any CPU
		{5B1C9D96-8EFE-40A4-8240-2DBFEF62D2E8}.Ad-Hoc|iPhoneSimulator.ActiveCfg = Release|Any CPU
		{5B1C9D96-8EFE-40A4-8240-2DBFEF62D2E8}.Ad-Hoc|iPhoneSimulator.Build.0 = Release|Any CPU
		{5B1C9D96-8EFE-40A4-8240-2DBFEF62D2E8}.Ad-Hoc|x64.ActiveCfg = Release|Any CPU
		{5B1C9D96-8EFE-40A4-8240-2DBFEF62D2E8}.Ad-Hoc|x64.Build.0 = Release|Any CPU
		{5B1C9D96-8EFE-40A4-8240-2DBFEF62D2E8}.Ad-Hoc|x86.ActiveCfg = Release|Any CPU
		{5B1C9D96-8EFE-40A4-8240-2DBFEF62D2E8}.Ad-Hoc|x86.Build.0 = Release|Any CPU
		{5B1C9D96-8EFE-40A4-8240-2DBFEF62D2E8}.AppStore|Any CPU.ActiveCfg = Release|Any CPU
		{5B1C9D96-8EFE-40A4-8240-2DBFEF62D2E8}.AppStore|Any CPU.Build.0 = Release|Any CPU
		{5B1C9D96-8EFE-40A4-8240-2DBFEF62D2E8}.AppStore|ARM.ActiveCfg = Release|Any CPU
		{5B1C9D96-8EFE-40A4-8240-2DBFEF62D2E8}.AppStore|ARM.Build.0 = Release|Any CPU
		{5B1C9D96-8EFE-40A4-8240-2DBFEF62D2E8}.AppStore|iPhone.ActiveCfg = Release|Any CPU
		{5B1C9D96-8EFE-40A4-8240-2DBFEF62D2E8}.AppStore|iPhone.Build.0 = Release|Any CPU
		{5B1C9D96-8EFE-40A4-8240-2DBFEF62D2E8}.AppStore|iPhoneSimulator.ActiveCfg = Release|Any CPU
		{5B1C9D96-8EFE-40A4-8240-2DBFEF62D2E8}.AppStore|iPhoneSimulator.Build.0 = Release|Any CPU
		{5B1C9D96-8EFE-40A4-8240-2DBFEF62D2E8}.AppStore|x64.ActiveCfg = Release|Any CPU
		{5B1C9D96-8EFE-40A4-8240-2DBFEF62D2E8}.AppStore|x64.Build.0 = Release|Any CPU
		{5B1C9D96-8EFE-40A4-8240-2DBFEF62D2E8}.AppStore|x86.ActiveCfg = Release|Any CPU
		{5B1C9D96-8EFE-40A4-8240-2DBFEF62D2E8}.AppStore|x86.Build.0 = Release|Any CPU
		{5B1C9D96-8EFE-40A4-8240-2DBFEF62D2E8}.Debug|Any CPU.ActiveCfg = Debug|Any CPU
		{5B1C9D96-8EFE-40A4-8240-2DBFEF62D2E8}.Debug|Any CPU.Build.0 = Debug|Any CPU
		{5B1C9D96-8EFE-40A4-8240-2DBFEF62D2E8}.Debug|Any CPU.Deploy.0 = Debug|Any CPU
		{5B1C9D96-8EFE-40A4-8240-2DBFEF62D2E8}.Debug|ARM.ActiveCfg = Debug|Any CPU
		{5B1C9D96-8EFE-40A4-8240-2DBFEF62D2E8}.Debug|ARM.Build.0 = Debug|Any CPU
		{5B1C9D96-8EFE-40A4-8240-2DBFEF62D2E8}.Debug|iPhone.ActiveCfg = Debug|Any CPU
		{5B1C9D96-8EFE-40A4-8240-2DBFEF62D2E8}.Debug|iPhone.Build.0 = Debug|Any CPU
		{5B1C9D96-8EFE-40A4-8240-2DBFEF62D2E8}.Debug|iPhoneSimulator.ActiveCfg = Debug|Any CPU
		{5B1C9D96-8EFE-40A4-8240-2DBFEF62D2E8}.Debug|iPhoneSimulator.Build.0 = Debug|Any CPU
		{5B1C9D96-8EFE-40A4-8240-2DBFEF62D2E8}.Debug|x64.ActiveCfg = Debug|Any CPU
		{5B1C9D96-8EFE-40A4-8240-2DBFEF62D2E8}.Debug|x64.Build.0 = Debug|Any CPU
		{5B1C9D96-8EFE-40A4-8240-2DBFEF62D2E8}.Debug|x86.ActiveCfg = Debug|Any CPU
		{5B1C9D96-8EFE-40A4-8240-2DBFEF62D2E8}.Debug|x86.Build.0 = Debug|Any CPU
		{5B1C9D96-8EFE-40A4-8240-2DBFEF62D2E8}.Release|Any CPU.ActiveCfg = Release|Any CPU
		{5B1C9D96-8EFE-40A4-8240-2DBFEF62D2E8}.Release|Any CPU.Build.0 = Release|Any CPU
		{5B1C9D96-8EFE-40A4-8240-2DBFEF62D2E8}.Release|ARM.ActiveCfg = Release|Any CPU
		{5B1C9D96-8EFE-40A4-8240-2DBFEF62D2E8}.Release|ARM.Build.0 = Release|Any CPU
		{5B1C9D96-8EFE-40A4-8240-2DBFEF62D2E8}.Release|iPhone.ActiveCfg = Release|Any CPU
		{5B1C9D96-8EFE-40A4-8240-2DBFEF62D2E8}.Release|iPhone.Build.0 = Release|Any CPU
		{5B1C9D96-8EFE-40A4-8240-2DBFEF62D2E8}.Release|iPhoneSimulator.ActiveCfg = Release|Any CPU
		{5B1C9D96-8EFE-40A4-8240-2DBFEF62D2E8}.Release|iPhoneSimulator.Build.0 = Release|Any CPU
		{5B1C9D96-8EFE-40A4-8240-2DBFEF62D2E8}.Release|x64.ActiveCfg = Release|Any CPU
		{5B1C9D96-8EFE-40A4-8240-2DBFEF62D2E8}.Release|x64.Build.0 = Release|Any CPU
		{5B1C9D96-8EFE-40A4-8240-2DBFEF62D2E8}.Release|x86.ActiveCfg = Release|Any CPU
		{5B1C9D96-8EFE-40A4-8240-2DBFEF62D2E8}.Release|x86.Build.0 = Release|Any CPU
		{DB300AC5-8C37-4F00-B148-4911310FF3E2}.Ad-Hoc|Any CPU.ActiveCfg = Release|Any CPU
		{DB300AC5-8C37-4F00-B148-4911310FF3E2}.Ad-Hoc|Any CPU.Build.0 = Release|Any CPU
		{DB300AC5-8C37-4F00-B148-4911310FF3E2}.Ad-Hoc|ARM.ActiveCfg = Release|Any CPU
		{DB300AC5-8C37-4F00-B148-4911310FF3E2}.Ad-Hoc|ARM.Build.0 = Release|Any CPU
		{DB300AC5-8C37-4F00-B148-4911310FF3E2}.Ad-Hoc|iPhone.ActiveCfg = Release|Any CPU
		{DB300AC5-8C37-4F00-B148-4911310FF3E2}.Ad-Hoc|iPhone.Build.0 = Release|Any CPU
		{DB300AC5-8C37-4F00-B148-4911310FF3E2}.Ad-Hoc|iPhoneSimulator.ActiveCfg = Release|Any CPU
		{DB300AC5-8C37-4F00-B148-4911310FF3E2}.Ad-Hoc|iPhoneSimulator.Build.0 = Release|Any CPU
		{DB300AC5-8C37-4F00-B148-4911310FF3E2}.Ad-Hoc|x64.ActiveCfg = Release|Any CPU
		{DB300AC5-8C37-4F00-B148-4911310FF3E2}.Ad-Hoc|x64.Build.0 = Release|Any CPU
		{DB300AC5-8C37-4F00-B148-4911310FF3E2}.Ad-Hoc|x86.ActiveCfg = Release|Any CPU
		{DB300AC5-8C37-4F00-B148-4911310FF3E2}.Ad-Hoc|x86.Build.0 = Release|Any CPU
		{DB300AC5-8C37-4F00-B148-4911310FF3E2}.AppStore|Any CPU.ActiveCfg = Release|Any CPU
		{DB300AC5-8C37-4F00-B148-4911310FF3E2}.AppStore|Any CPU.Build.0 = Release|Any CPU
		{DB300AC5-8C37-4F00-B148-4911310FF3E2}.AppStore|ARM.ActiveCfg = Release|Any CPU
		{DB300AC5-8C37-4F00-B148-4911310FF3E2}.AppStore|ARM.Build.0 = Release|Any CPU
		{DB300AC5-8C37-4F00-B148-4911310FF3E2}.AppStore|iPhone.ActiveCfg = Release|Any CPU
		{DB300AC5-8C37-4F00-B148-4911310FF3E2}.AppStore|iPhone.Build.0 = Release|Any CPU
		{DB300AC5-8C37-4F00-B148-4911310FF3E2}.AppStore|iPhoneSimulator.ActiveCfg = Release|Any CPU
		{DB300AC5-8C37-4F00-B148-4911310FF3E2}.AppStore|iPhoneSimulator.Build.0 = Release|Any CPU
		{DB300AC5-8C37-4F00-B148-4911310FF3E2}.AppStore|x64.ActiveCfg = Release|Any CPU
		{DB300AC5-8C37-4F00-B148-4911310FF3E2}.AppStore|x64.Build.0 = Release|Any CPU
		{DB300AC5-8C37-4F00-B148-4911310FF3E2}.AppStore|x86.ActiveCfg = Release|Any CPU
		{DB300AC5-8C37-4F00-B148-4911310FF3E2}.AppStore|x86.Build.0 = Release|Any CPU
		{DB300AC5-8C37-4F00-B148-4911310FF3E2}.Debug|Any CPU.ActiveCfg = Debug|Any CPU
		{DB300AC5-8C37-4F00-B148-4911310FF3E2}.Debug|Any CPU.Build.0 = Debug|Any CPU
		{DB300AC5-8C37-4F00-B148-4911310FF3E2}.Debug|ARM.ActiveCfg = Debug|Any CPU
		{DB300AC5-8C37-4F00-B148-4911310FF3E2}.Debug|ARM.Build.0 = Debug|Any CPU
		{DB300AC5-8C37-4F00-B148-4911310FF3E2}.Debug|iPhone.ActiveCfg = Debug|Any CPU
		{DB300AC5-8C37-4F00-B148-4911310FF3E2}.Debug|iPhone.Build.0 = Debug|Any CPU
		{DB300AC5-8C37-4F00-B148-4911310FF3E2}.Debug|iPhoneSimulator.ActiveCfg = Debug|Any CPU
		{DB300AC5-8C37-4F00-B148-4911310FF3E2}.Debug|iPhoneSimulator.Build.0 = Debug|Any CPU
		{DB300AC5-8C37-4F00-B148-4911310FF3E2}.Debug|x64.ActiveCfg = Debug|Any CPU
		{DB300AC5-8C37-4F00-B148-4911310FF3E2}.Debug|x64.Build.0 = Debug|Any CPU
		{DB300AC5-8C37-4F00-B148-4911310FF3E2}.Debug|x86.ActiveCfg = Debug|Any CPU
		{DB300AC5-8C37-4F00-B148-4911310FF3E2}.Debug|x86.Build.0 = Debug|Any CPU
		{DB300AC5-8C37-4F00-B148-4911310FF3E2}.Release|Any CPU.ActiveCfg = Release|Any CPU
		{DB300AC5-8C37-4F00-B148-4911310FF3E2}.Release|Any CPU.Build.0 = Release|Any CPU
		{DB300AC5-8C37-4F00-B148-4911310FF3E2}.Release|ARM.ActiveCfg = Release|Any CPU
		{DB300AC5-8C37-4F00-B148-4911310FF3E2}.Release|ARM.Build.0 = Release|Any CPU
		{DB300AC5-8C37-4F00-B148-4911310FF3E2}.Release|iPhone.ActiveCfg = Release|Any CPU
		{DB300AC5-8C37-4F00-B148-4911310FF3E2}.Release|iPhone.Build.0 = Release|Any CPU
		{DB300AC5-8C37-4F00-B148-4911310FF3E2}.Release|iPhoneSimulator.ActiveCfg = Release|Any CPU
		{DB300AC5-8C37-4F00-B148-4911310FF3E2}.Release|iPhoneSimulator.Build.0 = Release|Any CPU
		{DB300AC5-8C37-4F00-B148-4911310FF3E2}.Release|x64.ActiveCfg = Release|Any CPU
		{DB300AC5-8C37-4F00-B148-4911310FF3E2}.Release|x64.Build.0 = Release|Any CPU
		{DB300AC5-8C37-4F00-B148-4911310FF3E2}.Release|x86.ActiveCfg = Release|Any CPU
		{DB300AC5-8C37-4F00-B148-4911310FF3E2}.Release|x86.Build.0 = Release|Any CPU
		{807D8C00-6509-403A-9EB8-7DEDFA50C109}.Ad-Hoc|Any CPU.ActiveCfg = Release|Any CPU
		{807D8C00-6509-403A-9EB8-7DEDFA50C109}.Ad-Hoc|Any CPU.Build.0 = Release|Any CPU
		{807D8C00-6509-403A-9EB8-7DEDFA50C109}.Ad-Hoc|Any CPU.Deploy.0 = Release|Any CPU
		{807D8C00-6509-403A-9EB8-7DEDFA50C109}.Ad-Hoc|ARM.ActiveCfg = Release|Any CPU
		{807D8C00-6509-403A-9EB8-7DEDFA50C109}.Ad-Hoc|ARM.Build.0 = Release|Any CPU
		{807D8C00-6509-403A-9EB8-7DEDFA50C109}.Ad-Hoc|ARM.Deploy.0 = Release|Any CPU
		{807D8C00-6509-403A-9EB8-7DEDFA50C109}.Ad-Hoc|iPhone.ActiveCfg = Release|Any CPU
		{807D8C00-6509-403A-9EB8-7DEDFA50C109}.Ad-Hoc|iPhone.Build.0 = Release|Any CPU
		{807D8C00-6509-403A-9EB8-7DEDFA50C109}.Ad-Hoc|iPhone.Deploy.0 = Release|Any CPU
		{807D8C00-6509-403A-9EB8-7DEDFA50C109}.Ad-Hoc|iPhoneSimulator.ActiveCfg = Release|Any CPU
		{807D8C00-6509-403A-9EB8-7DEDFA50C109}.Ad-Hoc|iPhoneSimulator.Build.0 = Release|Any CPU
		{807D8C00-6509-403A-9EB8-7DEDFA50C109}.Ad-Hoc|iPhoneSimulator.Deploy.0 = Release|Any CPU
		{807D8C00-6509-403A-9EB8-7DEDFA50C109}.Ad-Hoc|x64.ActiveCfg = Release|Any CPU
		{807D8C00-6509-403A-9EB8-7DEDFA50C109}.Ad-Hoc|x64.Build.0 = Release|Any CPU
		{807D8C00-6509-403A-9EB8-7DEDFA50C109}.Ad-Hoc|x64.Deploy.0 = Release|Any CPU
		{807D8C00-6509-403A-9EB8-7DEDFA50C109}.Ad-Hoc|x86.ActiveCfg = Release|Any CPU
		{807D8C00-6509-403A-9EB8-7DEDFA50C109}.Ad-Hoc|x86.Build.0 = Release|Any CPU
		{807D8C00-6509-403A-9EB8-7DEDFA50C109}.Ad-Hoc|x86.Deploy.0 = Release|Any CPU
		{807D8C00-6509-403A-9EB8-7DEDFA50C109}.AppStore|Any CPU.ActiveCfg = Release|Any CPU
		{807D8C00-6509-403A-9EB8-7DEDFA50C109}.AppStore|Any CPU.Build.0 = Release|Any CPU
		{807D8C00-6509-403A-9EB8-7DEDFA50C109}.AppStore|Any CPU.Deploy.0 = Release|Any CPU
		{807D8C00-6509-403A-9EB8-7DEDFA50C109}.AppStore|ARM.ActiveCfg = Release|Any CPU
		{807D8C00-6509-403A-9EB8-7DEDFA50C109}.AppStore|ARM.Build.0 = Release|Any CPU
		{807D8C00-6509-403A-9EB8-7DEDFA50C109}.AppStore|ARM.Deploy.0 = Release|Any CPU
		{807D8C00-6509-403A-9EB8-7DEDFA50C109}.AppStore|iPhone.ActiveCfg = Release|Any CPU
		{807D8C00-6509-403A-9EB8-7DEDFA50C109}.AppStore|iPhone.Build.0 = Release|Any CPU
		{807D8C00-6509-403A-9EB8-7DEDFA50C109}.AppStore|iPhone.Deploy.0 = Release|Any CPU
		{807D8C00-6509-403A-9EB8-7DEDFA50C109}.AppStore|iPhoneSimulator.ActiveCfg = Release|Any CPU
		{807D8C00-6509-403A-9EB8-7DEDFA50C109}.AppStore|iPhoneSimulator.Build.0 = Release|Any CPU
		{807D8C00-6509-403A-9EB8-7DEDFA50C109}.AppStore|iPhoneSimulator.Deploy.0 = Release|Any CPU
		{807D8C00-6509-403A-9EB8-7DEDFA50C109}.AppStore|x64.ActiveCfg = Release|Any CPU
		{807D8C00-6509-403A-9EB8-7DEDFA50C109}.AppStore|x64.Build.0 = Release|Any CPU
		{807D8C00-6509-403A-9EB8-7DEDFA50C109}.AppStore|x64.Deploy.0 = Release|Any CPU
		{807D8C00-6509-403A-9EB8-7DEDFA50C109}.AppStore|x86.ActiveCfg = Release|Any CPU
		{807D8C00-6509-403A-9EB8-7DEDFA50C109}.AppStore|x86.Build.0 = Release|Any CPU
		{807D8C00-6509-403A-9EB8-7DEDFA50C109}.AppStore|x86.Deploy.0 = Release|Any CPU
		{807D8C00-6509-403A-9EB8-7DEDFA50C109}.Debug|Any CPU.ActiveCfg = Debug|Any CPU
		{807D8C00-6509-403A-9EB8-7DEDFA50C109}.Debug|Any CPU.Build.0 = Debug|Any CPU
		{807D8C00-6509-403A-9EB8-7DEDFA50C109}.Debug|Any CPU.Deploy.0 = Debug|Any CPU
		{807D8C00-6509-403A-9EB8-7DEDFA50C109}.Debug|ARM.ActiveCfg = Debug|Any CPU
		{807D8C00-6509-403A-9EB8-7DEDFA50C109}.Debug|ARM.Build.0 = Debug|Any CPU
		{807D8C00-6509-403A-9EB8-7DEDFA50C109}.Debug|ARM.Deploy.0 = Debug|Any CPU
		{807D8C00-6509-403A-9EB8-7DEDFA50C109}.Debug|iPhone.ActiveCfg = Debug|Any CPU
		{807D8C00-6509-403A-9EB8-7DEDFA50C109}.Debug|iPhone.Build.0 = Debug|Any CPU
		{807D8C00-6509-403A-9EB8-7DEDFA50C109}.Debug|iPhone.Deploy.0 = Debug|Any CPU
		{807D8C00-6509-403A-9EB8-7DEDFA50C109}.Debug|iPhoneSimulator.ActiveCfg = Debug|Any CPU
		{807D8C00-6509-403A-9EB8-7DEDFA50C109}.Debug|iPhoneSimulator.Build.0 = Debug|Any CPU
		{807D8C00-6509-403A-9EB8-7DEDFA50C109}.Debug|iPhoneSimulator.Deploy.0 = Debug|Any CPU
		{807D8C00-6509-403A-9EB8-7DEDFA50C109}.Debug|x64.ActiveCfg = Debug|Any CPU
		{807D8C00-6509-403A-9EB8-7DEDFA50C109}.Debug|x64.Build.0 = Debug|Any CPU
		{807D8C00-6509-403A-9EB8-7DEDFA50C109}.Debug|x64.Deploy.0 = Debug|Any CPU
		{807D8C00-6509-403A-9EB8-7DEDFA50C109}.Debug|x86.ActiveCfg = Debug|Any CPU
		{807D8C00-6509-403A-9EB8-7DEDFA50C109}.Debug|x86.Build.0 = Debug|Any CPU
		{807D8C00-6509-403A-9EB8-7DEDFA50C109}.Debug|x86.Deploy.0 = Debug|Any CPU
		{807D8C00-6509-403A-9EB8-7DEDFA50C109}.Release|Any CPU.ActiveCfg = Release|Any CPU
		{807D8C00-6509-403A-9EB8-7DEDFA50C109}.Release|Any CPU.Build.0 = Release|Any CPU
		{807D8C00-6509-403A-9EB8-7DEDFA50C109}.Release|Any CPU.Deploy.0 = Release|Any CPU
		{807D8C00-6509-403A-9EB8-7DEDFA50C109}.Release|ARM.ActiveCfg = Release|Any CPU
		{807D8C00-6509-403A-9EB8-7DEDFA50C109}.Release|ARM.Build.0 = Release|Any CPU
		{807D8C00-6509-403A-9EB8-7DEDFA50C109}.Release|ARM.Deploy.0 = Release|Any CPU
		{807D8C00-6509-403A-9EB8-7DEDFA50C109}.Release|iPhone.ActiveCfg = Release|Any CPU
		{807D8C00-6509-403A-9EB8-7DEDFA50C109}.Release|iPhone.Build.0 = Release|Any CPU
		{807D8C00-6509-403A-9EB8-7DEDFA50C109}.Release|iPhone.Deploy.0 = Release|Any CPU
		{807D8C00-6509-403A-9EB8-7DEDFA50C109}.Release|iPhoneSimulator.ActiveCfg = Release|Any CPU
		{807D8C00-6509-403A-9EB8-7DEDFA50C109}.Release|iPhoneSimulator.Build.0 = Release|Any CPU
		{807D8C00-6509-403A-9EB8-7DEDFA50C109}.Release|iPhoneSimulator.Deploy.0 = Release|Any CPU
		{807D8C00-6509-403A-9EB8-7DEDFA50C109}.Release|x64.ActiveCfg = Release|Any CPU
		{807D8C00-6509-403A-9EB8-7DEDFA50C109}.Release|x64.Build.0 = Release|Any CPU
		{807D8C00-6509-403A-9EB8-7DEDFA50C109}.Release|x64.Deploy.0 = Release|Any CPU
		{807D8C00-6509-403A-9EB8-7DEDFA50C109}.Release|x86.ActiveCfg = Release|Any CPU
		{807D8C00-6509-403A-9EB8-7DEDFA50C109}.Release|x86.Build.0 = Release|Any CPU
		{807D8C00-6509-403A-9EB8-7DEDFA50C109}.Release|x86.Deploy.0 = Release|Any CPU
	EndGlobalSection
	GlobalSection(SolutionProperties) = preSolution
		HideSolutionNode = FALSE
	EndGlobalSection
EndGlobal
